
Microsoft Visual Studio Solution File, Format Version 12.00
# Visual Studio Version 16
VisualStudioVersion = 16.0.30114.105
MinimumVisualStudioVersion = 10.0.40219.1
Project("{8BC9CEB8-8B4A-11D0-8D11-00A0C91BC942}") = "Claire", "Claire\Claire.vcxproj", "{5944411B-4DBA-4597-9160-ADEEFEE7F5B8}"
	ProjectSection(ProjectDependencies) = postProject
		{EBE0514D-0A9D-4579-B031-D3724EB722F3} = {EBE0514D-0A9D-4579-B031-D3724EB722F3}
		{EB9EB17E-414E-4AEA-97F5-B9D29B21E446} = {EB9EB17E-414E-4AEA-97F5-B9D29B21E446}
		{22DD7EA2-AB3F-47E9-AC35-A127E9FAA4AC} = {22DD7EA2-AB3F-47E9-AC35-A127E9FAA4AC}
		{FFD4E8EF-7864-4B93-8D85-C3106A258143} = {FFD4E8EF-7864-4B93-8D85-C3106A258143}
		{3DCEDBF6-ECF8-4621-9C43-2D65703C16DB} = {3DCEDBF6-ECF8-4621-9C43-2D65703C16DB}
	EndProjectSection
EndProject
Project("{8BC9CEB8-8B4A-11D0-8D11-00A0C91BC942}") = "Engine", "Engine\Engine.vcxproj", "{073BCE1A-16D7-45DD-AD74-0134E52F2A24}"
EndProject
Project("{8BC9CEB8-8B4A-11D0-8D11-00A0C91BC942}") = "ClaireUWP", "ClaireUWP\ClaireUWP.vcxproj", "{A8D23155-53F2-4E75-AEB5-CD62BA95C6AE}"
	ProjectSection(ProjectDependencies) = postProject
		{073BCE1A-16D7-45DD-AD74-0134E52F2A24} = {073BCE1A-16D7-45DD-AD74-0134E52F2A24}
	EndProjectSection
EndProject
Project("{2150E333-8FDC-42A3-9474-1A3956D46DE8}") = "Tools", "Tools", "{9FD41958-F3FF-4EF9-B7CA-F623860BB575}"
EndProject
Project("{8BC9CEB8-8B4A-11D0-8D11-00A0C91BC942}") = "Parser", "Tools\Parser\Parser.vcxproj", "{0EA8FA1F-B9AC-4E19-8C5D-7E9FA9847300}"
EndProject
Project("{2150E333-8FDC-42A3-9474-1A3956D46DE8}") = "Render", "Render", "{417753E5-7251-41F5-9B98-FA591AB6B54A}"
EndProject
Project("{8BC9CEB8-8B4A-11D0-8D11-00A0C91BC942}") = "D3D9Render", "Render\D3D9Render\D3D9Render.vcxproj", "{3DCEDBF6-ECF8-4621-9C43-2D65703C16DB}"
EndProject
Project("{8BC9CEB8-8B4A-11D0-8D11-00A0C91BC942}") = "D3D12Render", "Render\D3D12Render\D3D12Render.vcxproj", "{22DD7EA2-AB3F-47E9-AC35-A127E9FAA4AC}"
EndProject
Project("{2150E333-8FDC-42A3-9474-1A3956D46DE8}") = "Platform", "Platform", "{BC432FCF-199E-4B66-8EFB-2F84A37E7366}"
EndProject
Project("{8BC9CEB8-8B4A-11D0-8D11-00A0C91BC942}") = "PlatformWin32", "Platform\Win32\Win32.vcxproj", "{F2861881-6C76-4A99-B3DE-F3170B04EB12}"
EndProject
Project("{8BC9CEB8-8B4A-11D0-8D11-00A0C91BC942}") = "PlatformUWP", "Platform\UWP\UWP.vcxproj", "{C9AE3A1F-1215-48C8-8037-BC8EFDE0D457}"
EndProject
Project("{8BC9CEB8-8B4A-11D0-8D11-00A0C91BC942}") = "DbgLogger", "Tools\DbgLogger\DbgLogger.vcxproj", "{0976FBF2-F4B1-47E6-9A9E-7B6306B74350}"
EndProject
Project("{8BC9CEB8-8B4A-11D0-8D11-00A0C91BC942}") = "GLRender", "Render\GLRender\GLRender.vcxproj", "{EBE0514D-0A9D-4579-B031-D3724EB722F3}"
EndProject
Project("{8BC9CEB8-8B4A-11D0-8D11-00A0C91BC942}") = "VKRender", "Render\VKRender\VKRender.vcxproj", "{EB9EB17E-414E-4AEA-97F5-B9D29B21E446}"
EndProject
Project("{2150E333-8FDC-42A3-9474-1A3956D46DE8}") = "Sound", "Sound", "{147CB77C-3AD7-4A3F-89CA-E85330A52514}"
EndProject
Project("{8BC9CEB8-8B4A-11D0-8D11-00A0C91BC942}") = "XA2Sound", "Sound\XA2Sound\XA2Sound.vcxproj", "{FFD4E8EF-7864-4B93-8D85-C3106A258143}"
EndProject
Project("{8BC9CEB8-8B4A-11D0-8D11-00A0C91BC942}") = "FontGen", "Tools\FontGen\FontGen.vcxproj", "{EB47ECD6-03C2-4E47-B624-9DB2472BFE29}"
EndProject
Global
	GlobalSection(SolutionConfigurationPlatforms) = preSolution
		Debug_ASAN|x64 = Debug_ASAN|x64
		Debug_D3D9|x64 = Debug_D3D9|x64
		Debug_GL|x64 = Debug_GL|x64
		Debug_VK|x64 = Debug_VK|x64
		Debug|x64 = Debug|x64
		Release_D3D9|x64 = Release_D3D9|x64
		Release_GL|x64 = Release_GL|x64
		Release_VK|x64 = Release_VK|x64
		Release|x64 = Release|x64
	EndGlobalSection
	GlobalSection(ProjectConfigurationPlatforms) = postSolution
		{5944411B-4DBA-4597-9160-ADEEFEE7F5B8}.Debug_ASAN|x64.ActiveCfg = Debug_ASAN|x64
		{5944411B-4DBA-4597-9160-ADEEFEE7F5B8}.Debug_ASAN|x64.Build.0 = Debug_ASAN|x64
		{5944411B-4DBA-4597-9160-ADEEFEE7F5B8}.Debug_D3D9|x64.ActiveCfg = Debug_D3D9|x64
		{5944411B-4DBA-4597-9160-ADEEFEE7F5B8}.Debug_D3D9|x64.Build.0 = Debug_D3D9|x64
		{5944411B-4DBA-4597-9160-ADEEFEE7F5B8}.Debug_GL|x64.ActiveCfg = Debug_GL|x64
		{5944411B-4DBA-4597-9160-ADEEFEE7F5B8}.Debug_GL|x64.Build.0 = Debug_GL|x64
		{5944411B-4DBA-4597-9160-ADEEFEE7F5B8}.Debug_VK|x64.ActiveCfg = Debug_VK|x64
		{5944411B-4DBA-4597-9160-ADEEFEE7F5B8}.Debug_VK|x64.Build.0 = Debug_VK|x64
		{5944411B-4DBA-4597-9160-ADEEFEE7F5B8}.Debug|x64.ActiveCfg = Debug|x64
		{5944411B-4DBA-4597-9160-ADEEFEE7F5B8}.Debug|x64.Build.0 = Debug|x64
		{5944411B-4DBA-4597-9160-ADEEFEE7F5B8}.Release_D3D9|x64.ActiveCfg = Release_D3D9|x64
		{5944411B-4DBA-4597-9160-ADEEFEE7F5B8}.Release_D3D9|x64.Build.0 = Release_D3D9|x64
		{5944411B-4DBA-4597-9160-ADEEFEE7F5B8}.Release_GL|x64.ActiveCfg = Release_GL|x64
		{5944411B-4DBA-4597-9160-ADEEFEE7F5B8}.Release_GL|x64.Build.0 = Release_GL|x64
		{5944411B-4DBA-4597-9160-ADEEFEE7F5B8}.Release_VK|x64.ActiveCfg = Release_VK|x64
		{5944411B-4DBA-4597-9160-ADEEFEE7F5B8}.Release_VK|x64.Build.0 = Release_VK|x64
		{5944411B-4DBA-4597-9160-ADEEFEE7F5B8}.Release|x64.ActiveCfg = Release|x64
		{5944411B-4DBA-4597-9160-ADEEFEE7F5B8}.Release|x64.Build.0 = Release|x64
		{073BCE1A-16D7-45DD-AD74-0134E52F2A24}.Debug_ASAN|x64.ActiveCfg = Debug_ASAN|x64
		{073BCE1A-16D7-45DD-AD74-0134E52F2A24}.Debug_ASAN|x64.Build.0 = Debug_ASAN|x64
		{073BCE1A-16D7-45DD-AD74-0134E52F2A24}.Debug_D3D9|x64.ActiveCfg = Debug|x64
		{073BCE1A-16D7-45DD-AD74-0134E52F2A24}.Debug_D3D9|x64.Build.0 = Debug|x64
		{073BCE1A-16D7-45DD-AD74-0134E52F2A24}.Debug_GL|x64.ActiveCfg = Debug|x64
		{073BCE1A-16D7-45DD-AD74-0134E52F2A24}.Debug_GL|x64.Build.0 = Debug|x64
		{073BCE1A-16D7-45DD-AD74-0134E52F2A24}.Debug_VK|x64.ActiveCfg = Debug|x64
		{073BCE1A-16D7-45DD-AD74-0134E52F2A24}.Debug_VK|x64.Build.0 = Debug|x64
		{073BCE1A-16D7-45DD-AD74-0134E52F2A24}.Debug|x64.ActiveCfg = Debug|x64
		{073BCE1A-16D7-45DD-AD74-0134E52F2A24}.Debug|x64.Build.0 = Debug|x64
		{073BCE1A-16D7-45DD-AD74-0134E52F2A24}.Release_D3D9|x64.ActiveCfg = Release|x64
		{073BCE1A-16D7-45DD-AD74-0134E52F2A24}.Release_D3D9|x64.Build.0 = Release|x64
		{073BCE1A-16D7-45DD-AD74-0134E52F2A24}.Release_GL|x64.ActiveCfg = Release|x64
		{073BCE1A-16D7-45DD-AD74-0134E52F2A24}.Release_GL|x64.Build.0 = Release|x64
		{073BCE1A-16D7-45DD-AD74-0134E52F2A24}.Release_VK|x64.ActiveCfg = Release|x64
		{073BCE1A-16D7-45DD-AD74-0134E52F2A24}.Release_VK|x64.Build.0 = Release|x64
		{073BCE1A-16D7-45DD-AD74-0134E52F2A24}.Release|x64.ActiveCfg = Release|x64
		{073BCE1A-16D7-45DD-AD74-0134E52F2A24}.Release|x64.Build.0 = Release|x64
		{A8D23155-53F2-4E75-AEB5-CD62BA95C6AE}.Debug_ASAN|x64.ActiveCfg = Debug_ASAN|x64
		{A8D23155-53F2-4E75-AEB5-CD62BA95C6AE}.Debug_D3D9|x64.ActiveCfg = Debug|x64
		{A8D23155-53F2-4E75-AEB5-CD62BA95C6AE}.Debug_GL|x64.ActiveCfg = Debug|x64
		{A8D23155-53F2-4E75-AEB5-CD62BA95C6AE}.Debug_VK|x64.ActiveCfg = Debug|x64
		{A8D23155-53F2-4E75-AEB5-CD62BA95C6AE}.Debug|x64.ActiveCfg = Debug|x64
		{A8D23155-53F2-4E75-AEB5-CD62BA95C6AE}.Debug|x64.Build.0 = Debug|x64
		{A8D23155-53F2-4E75-AEB5-CD62BA95C6AE}.Debug|x64.Deploy.0 = Debug|x64
		{A8D23155-53F2-4E75-AEB5-CD62BA95C6AE}.Release_D3D9|x64.ActiveCfg = Release|x64
		{A8D23155-53F2-4E75-AEB5-CD62BA95C6AE}.Release_GL|x64.ActiveCfg = Release|x64
		{A8D23155-53F2-4E75-AEB5-CD62BA95C6AE}.Release_VK|x64.ActiveCfg = Release|x64
		{A8D23155-53F2-4E75-AEB5-CD62BA95C6AE}.Release|x64.ActiveCfg = Release|x64
		{A8D23155-53F2-4E75-AEB5-CD62BA95C6AE}.Release|x64.Build.0 = Release|x64
		{A8D23155-53F2-4E75-AEB5-CD62BA95C6AE}.Release|x64.Deploy.0 = Release|x64
		{0EA8FA1F-B9AC-4E19-8C5D-7E9FA9847300}.Debug_ASAN|x64.ActiveCfg = Debug_ASAN|x64
		{0EA8FA1F-B9AC-4E19-8C5D-7E9FA9847300}.Debug_ASAN|x64.Build.0 = Debug_ASAN|x64
		{0EA8FA1F-B9AC-4E19-8C5D-7E9FA9847300}.Debug_D3D9|x64.ActiveCfg = Debug|x64
		{0EA8FA1F-B9AC-4E19-8C5D-7E9FA9847300}.Debug_D3D9|x64.Build.0 = Debug|x64
		{0EA8FA1F-B9AC-4E19-8C5D-7E9FA9847300}.Debug_GL|x64.ActiveCfg = Debug|x64
		{0EA8FA1F-B9AC-4E19-8C5D-7E9FA9847300}.Debug_GL|x64.Build.0 = Debug|x64
		{0EA8FA1F-B9AC-4E19-8C5D-7E9FA9847300}.Debug_VK|x64.ActiveCfg = Debug|x64
		{0EA8FA1F-B9AC-4E19-8C5D-7E9FA9847300}.Debug_VK|x64.Build.0 = Debug|x64
		{0EA8FA1F-B9AC-4E19-8C5D-7E9FA9847300}.Debug|x64.ActiveCfg = Debug|x64
		{0EA8FA1F-B9AC-4E19-8C5D-7E9FA9847300}.Debug|x64.Build.0 = Debug|x64
		{0EA8FA1F-B9AC-4E19-8C5D-7E9FA9847300}.Release_D3D9|x64.ActiveCfg = Release|x64
		{0EA8FA1F-B9AC-4E19-8C5D-7E9FA9847300}.Release_D3D9|x64.Build.0 = Release|x64
		{0EA8FA1F-B9AC-4E19-8C5D-7E9FA9847300}.Release_GL|x64.ActiveCfg = Release|x64
		{0EA8FA1F-B9AC-4E19-8C5D-7E9FA9847300}.Release_GL|x64.Build.0 = Release|x64
		{0EA8FA1F-B9AC-4E19-8C5D-7E9FA9847300}.Release_VK|x64.ActiveCfg = Release|x64
		{0EA8FA1F-B9AC-4E19-8C5D-7E9FA9847300}.Release_VK|x64.Build.0 = Release|x64
		{0EA8FA1F-B9AC-4E19-8C5D-7E9FA9847300}.Release|x64.ActiveCfg = Release|x64
		{0EA8FA1F-B9AC-4E19-8C5D-7E9FA9847300}.Release|x64.Build.0 = Release|x64
		{3DCEDBF6-ECF8-4621-9C43-2D65703C16DB}.Debug_ASAN|x64.ActiveCfg = Debug_ASAN|x64
		{3DCEDBF6-ECF8-4621-9C43-2D65703C16DB}.Debug_D3D9|x64.ActiveCfg = Debug_D3D9|x64
		{3DCEDBF6-ECF8-4621-9C43-2D65703C16DB}.Debug_D3D9|x64.Build.0 = Debug_D3D9|x64
		{3DCEDBF6-ECF8-4621-9C43-2D65703C16DB}.Debug_GL|x64.ActiveCfg = Debug_D3D9|x64
		{3DCEDBF6-ECF8-4621-9C43-2D65703C16DB}.Debug_VK|x64.ActiveCfg = Debug_D3D9|x64
		{3DCEDBF6-ECF8-4621-9C43-2D65703C16DB}.Debug|x64.ActiveCfg = Debug_D3D9|x64
		{3DCEDBF6-ECF8-4621-9C43-2D65703C16DB}.Release_D3D9|x64.ActiveCfg = Release_D3D9|x64
		{3DCEDBF6-ECF8-4621-9C43-2D65703C16DB}.Release_D3D9|x64.Build.0 = Release_D3D9|x64
		{3DCEDBF6-ECF8-4621-9C43-2D65703C16DB}.Release_GL|x64.ActiveCfg = Release_D3D9|x64
		{3DCEDBF6-ECF8-4621-9C43-2D65703C16DB}.Release_VK|x64.ActiveCfg = Release_D3D9|x64
		{3DCEDBF6-ECF8-4621-9C43-2D65703C16DB}.Release|x64.ActiveCfg = Release_D3D9|x64
		{22DD7EA2-AB3F-47E9-AC35-A127E9FAA4AC}.Debug_ASAN|x64.ActiveCfg = Debug_ASAN|x64
		{22DD7EA2-AB3F-47E9-AC35-A127E9FAA4AC}.Debug_ASAN|x64.Build.0 = Debug_ASAN|x64
		{22DD7EA2-AB3F-47E9-AC35-A127E9FAA4AC}.Debug_D3D9|x64.ActiveCfg = Debug|x64
		{22DD7EA2-AB3F-47E9-AC35-A127E9FAA4AC}.Debug_GL|x64.ActiveCfg = Debug|x64
		{22DD7EA2-AB3F-47E9-AC35-A127E9FAA4AC}.Debug_VK|x64.ActiveCfg = Debug|x64
		{22DD7EA2-AB3F-47E9-AC35-A127E9FAA4AC}.Debug|x64.ActiveCfg = Debug|x64
		{22DD7EA2-AB3F-47E9-AC35-A127E9FAA4AC}.Debug|x64.Build.0 = Debug|x64
		{22DD7EA2-AB3F-47E9-AC35-A127E9FAA4AC}.Release_D3D9|x64.ActiveCfg = Release|x64
		{22DD7EA2-AB3F-47E9-AC35-A127E9FAA4AC}.Release_GL|x64.ActiveCfg = Release|x64
		{22DD7EA2-AB3F-47E9-AC35-A127E9FAA4AC}.Release_VK|x64.ActiveCfg = Release|x64
		{22DD7EA2-AB3F-47E9-AC35-A127E9FAA4AC}.Release|x64.ActiveCfg = Release|x64
		{22DD7EA2-AB3F-47E9-AC35-A127E9FAA4AC}.Release|x64.Build.0 = Release|x64
		{F2861881-6C76-4A99-B3DE-F3170B04EB12}.Debug_ASAN|x64.ActiveCfg = Debug_ASAN|x64
		{F2861881-6C76-4A99-B3DE-F3170B04EB12}.Debug_ASAN|x64.Build.0 = Debug_ASAN|x64
		{F2861881-6C76-4A99-B3DE-F3170B04EB12}.Debug_D3D9|x64.ActiveCfg = Debug|x64
		{F2861881-6C76-4A99-B3DE-F3170B04EB12}.Debug_D3D9|x64.Build.0 = Debug|x64
		{F2861881-6C76-4A99-B3DE-F3170B04EB12}.Debug_GL|x64.ActiveCfg = Debug|x64
		{F2861881-6C76-4A99-B3DE-F3170B04EB12}.Debug_GL|x64.Build.0 = Debug|x64
		{F2861881-6C76-4A99-B3DE-F3170B04EB12}.Debug_VK|x64.ActiveCfg = Debug|x64
		{F2861881-6C76-4A99-B3DE-F3170B04EB12}.Debug_VK|x64.Build.0 = Debug|x64
		{F2861881-6C76-4A99-B3DE-F3170B04EB12}.Debug|x64.ActiveCfg = Debug|x64
		{F2861881-6C76-4A99-B3DE-F3170B04EB12}.Debug|x64.Build.0 = Debug|x64
		{F2861881-6C76-4A99-B3DE-F3170B04EB12}.Release_D3D9|x64.ActiveCfg = Release|x64
		{F2861881-6C76-4A99-B3DE-F3170B04EB12}.Release_D3D9|x64.Build.0 = Release|x64
		{F2861881-6C76-4A99-B3DE-F3170B04EB12}.Release_GL|x64.ActiveCfg = Release|x64
		{F2861881-6C76-4A99-B3DE-F3170B04EB12}.Release_GL|x64.Build.0 = Release|x64
		{F2861881-6C76-4A99-B3DE-F3170B04EB12}.Release_VK|x64.ActiveCfg = Release|x64
		{F2861881-6C76-4A99-B3DE-F3170B04EB12}.Release_VK|x64.Build.0 = Release|x64
		{F2861881-6C76-4A99-B3DE-F3170B04EB12}.Release|x64.ActiveCfg = Release|x64
		{F2861881-6C76-4A99-B3DE-F3170B04EB12}.Release|x64.Build.0 = Release|x64
		{C9AE3A1F-1215-48C8-8037-BC8EFDE0D457}.Debug_ASAN|x64.ActiveCfg = Debug_ASAN|x64
		{C9AE3A1F-1215-48C8-8037-BC8EFDE0D457}.Debug_D3D9|x64.ActiveCfg = Debug|x64
		{C9AE3A1F-1215-48C8-8037-BC8EFDE0D457}.Debug_GL|x64.ActiveCfg = Debug|x64
		{C9AE3A1F-1215-48C8-8037-BC8EFDE0D457}.Debug_VK|x64.ActiveCfg = Debug|x64
		{C9AE3A1F-1215-48C8-8037-BC8EFDE0D457}.Debug|x64.ActiveCfg = Debug|x64
		{C9AE3A1F-1215-48C8-8037-BC8EFDE0D457}.Debug|x64.Build.0 = Debug|x64
		{C9AE3A1F-1215-48C8-8037-BC8EFDE0D457}.Release_D3D9|x64.ActiveCfg = Release|x64
		{C9AE3A1F-1215-48C8-8037-BC8EFDE0D457}.Release_GL|x64.ActiveCfg = Release|x64
		{C9AE3A1F-1215-48C8-8037-BC8EFDE0D457}.Release_VK|x64.ActiveCfg = Release|x64
		{C9AE3A1F-1215-48C8-8037-BC8EFDE0D457}.Release|x64.ActiveCfg = Release|x64
		{C9AE3A1F-1215-48C8-8037-BC8EFDE0D457}.Release|x64.Build.0 = Release|x64
		{0976FBF2-F4B1-47E6-9A9E-7B6306B74350}.Debug_ASAN|x64.ActiveCfg = Debug_ASAN|x64
		{0976FBF2-F4B1-47E6-9A9E-7B6306B74350}.Debug_ASAN|x64.Build.0 = Debug_ASAN|x64
		{0976FBF2-F4B1-47E6-9A9E-7B6306B74350}.Debug_D3D9|x64.ActiveCfg = Debug|x64
		{0976FBF2-F4B1-47E6-9A9E-7B6306B74350}.Debug_D3D9|x64.Build.0 = Debug|x64
		{0976FBF2-F4B1-47E6-9A9E-7B6306B74350}.Debug_GL|x64.ActiveCfg = Debug|x64
		{0976FBF2-F4B1-47E6-9A9E-7B6306B74350}.Debug_GL|x64.Build.0 = Debug|x64
		{0976FBF2-F4B1-47E6-9A9E-7B6306B74350}.Debug_VK|x64.ActiveCfg = Debug|x64
		{0976FBF2-F4B1-47E6-9A9E-7B6306B74350}.Debug_VK|x64.Build.0 = Debug|x64
		{0976FBF2-F4B1-47E6-9A9E-7B6306B74350}.Debug|x64.ActiveCfg = Debug|x64
		{0976FBF2-F4B1-47E6-9A9E-7B6306B74350}.Debug|x64.Build.0 = Debug|x64
		{0976FBF2-F4B1-47E6-9A9E-7B6306B74350}.Release_D3D9|x64.ActiveCfg = Release|x64
		{0976FBF2-F4B1-47E6-9A9E-7B6306B74350}.Release_D3D9|x64.Build.0 = Release|x64
		{0976FBF2-F4B1-47E6-9A9E-7B6306B74350}.Release_GL|x64.ActiveCfg = Release|x64
		{0976FBF2-F4B1-47E6-9A9E-7B6306B74350}.Release_GL|x64.Build.0 = Release|x64
		{0976FBF2-F4B1-47E6-9A9E-7B6306B74350}.Release_VK|x64.ActiveCfg = Release|x64
		{0976FBF2-F4B1-47E6-9A9E-7B6306B74350}.Release_VK|x64.Build.0 = Release|x64
		{0976FBF2-F4B1-47E6-9A9E-7B6306B74350}.Release|x64.ActiveCfg = Release|x64
		{0976FBF2-F4B1-47E6-9A9E-7B6306B74350}.Release|x64.Build.0 = Release|x64
		{EBE0514D-0A9D-4579-B031-D3724EB722F3}.Debug_ASAN|x64.ActiveCfg = Debug_ASAN|x64
		{EBE0514D-0A9D-4579-B031-D3724EB722F3}.Debug_D3D9|x64.ActiveCfg = Debug_GL|x64
		{EBE0514D-0A9D-4579-B031-D3724EB722F3}.Debug_GL|x64.ActiveCfg = Debug_GL|x64
		{EBE0514D-0A9D-4579-B031-D3724EB722F3}.Debug_GL|x64.Build.0 = Debug_GL|x64
		{EBE0514D-0A9D-4579-B031-D3724EB722F3}.Debug_VK|x64.ActiveCfg = Debug_GL|x64
		{EBE0514D-0A9D-4579-B031-D3724EB722F3}.Debug|x64.ActiveCfg = Debug_GL|x64
		{EBE0514D-0A9D-4579-B031-D3724EB722F3}.Release_D3D9|x64.ActiveCfg = Release_GL|x64
		{EBE0514D-0A9D-4579-B031-D3724EB722F3}.Release_GL|x64.ActiveCfg = Release_GL|x64
		{EBE0514D-0A9D-4579-B031-D3724EB722F3}.Release_GL|x64.Build.0 = Release_GL|x64
		{EBE0514D-0A9D-4579-B031-D3724EB722F3}.Release_VK|x64.ActiveCfg = Release_GL|x64
		{EBE0514D-0A9D-4579-B031-D3724EB722F3}.Release|x64.ActiveCfg = Release_GL|x64
		{EB9EB17E-414E-4AEA-97F5-B9D29B21E446}.Debug_ASAN|x64.ActiveCfg = Debug_ASAN|x64
		{EB9EB17E-414E-4AEA-97F5-B9D29B21E446}.Debug_D3D9|x64.ActiveCfg = Debug_VK|x64
		{EB9EB17E-414E-4AEA-97F5-B9D29B21E446}.Debug_GL|x64.ActiveCfg = Debug_VK|x64
		{EB9EB17E-414E-4AEA-97F5-B9D29B21E446}.Debug_VK|x64.ActiveCfg = Debug_VK|x64
		{EB9EB17E-414E-4AEA-97F5-B9D29B21E446}.Debug_VK|x64.Build.0 = Debug_VK|x64
		{EB9EB17E-414E-4AEA-97F5-B9D29B21E446}.Debug|x64.ActiveCfg = Debug_VK|x64
		{EB9EB17E-414E-4AEA-97F5-B9D29B21E446}.Release_D3D9|x64.ActiveCfg = Release_VK|x64
		{EB9EB17E-414E-4AEA-97F5-B9D29B21E446}.Release_GL|x64.ActiveCfg = Release_VK|x64
		{EB9EB17E-414E-4AEA-97F5-B9D29B21E446}.Release_VK|x64.ActiveCfg = Release_VK|x64
		{EB9EB17E-414E-4AEA-97F5-B9D29B21E446}.Release_VK|x64.Build.0 = Release_VK|x64
		{EB9EB17E-414E-4AEA-97F5-B9D29B21E446}.Release|x64.ActiveCfg = Release_VK|x64
		{FFD4E8EF-7864-4B93-8D85-C3106A258143}.Debug_ASAN|x64.ActiveCfg = Debug_ASAN|x64
		{FFD4E8EF-7864-4B93-8D85-C3106A258143}.Debug_ASAN|x64.Build.0 = Debug_ASAN|x64
		{FFD4E8EF-7864-4B93-8D85-C3106A258143}.Debug_D3D9|x64.ActiveCfg = Debug|x64
		{FFD4E8EF-7864-4B93-8D85-C3106A258143}.Debug_D3D9|x64.Build.0 = Debug|x64
		{FFD4E8EF-7864-4B93-8D85-C3106A258143}.Debug_GL|x64.ActiveCfg = Debug|x64
		{FFD4E8EF-7864-4B93-8D85-C3106A258143}.Debug_GL|x64.Build.0 = Debug|x64
		{FFD4E8EF-7864-4B93-8D85-C3106A258143}.Debug_VK|x64.ActiveCfg = Debug|x64
		{FFD4E8EF-7864-4B93-8D85-C3106A258143}.Debug_VK|x64.Build.0 = Debug|x64
		{FFD4E8EF-7864-4B93-8D85-C3106A258143}.Debug|x64.ActiveCfg = Debug|x64
		{FFD4E8EF-7864-4B93-8D85-C3106A258143}.Debug|x64.Build.0 = Debug|x64
		{FFD4E8EF-7864-4B93-8D85-C3106A258143}.Release_D3D9|x64.ActiveCfg = Release|x64
		{FFD4E8EF-7864-4B93-8D85-C3106A258143}.Release_D3D9|x64.Build.0 = Release|x64
		{FFD4E8EF-7864-4B93-8D85-C3106A258143}.Release_GL|x64.ActiveCfg = Release|x64
		{FFD4E8EF-7864-4B93-8D85-C3106A258143}.Release_GL|x64.Build.0 = Release|x64
		{FFD4E8EF-7864-4B93-8D85-C3106A258143}.Release_VK|x64.ActiveCfg = Release|x64
		{FFD4E8EF-7864-4B93-8D85-C3106A258143}.Release_VK|x64.Build.0 = Release|x64
		{FFD4E8EF-7864-4B93-8D85-C3106A258143}.Release|x64.ActiveCfg = Release|x64
		{FFD4E8EF-7864-4B93-8D85-C3106A258143}.Release|x64.Build.0 = Release|x64
		{EB47ECD6-03C2-4E47-B624-9DB2472BFE29}.Debug_ASAN|x64.ActiveCfg = Debug|x64
		{EB47ECD6-03C2-4E47-B624-9DB2472BFE29}.Debug_ASAN|x64.Build.0 = Debug|x64
		{EB47ECD6-03C2-4E47-B624-9DB2472BFE29}.Debug_D3D9|x64.ActiveCfg = Debug|x64
		{EB47ECD6-03C2-4E47-B624-9DB2472BFE29}.Debug_D3D9|x64.Build.0 = Debug|x64
		{EB47ECD6-03C2-4E47-B624-9DB2472BFE29}.Debug_GL|x64.ActiveCfg = Debug|x64
		{EB47ECD6-03C2-4E47-B624-9DB2472BFE29}.Debug_GL|x64.Build.0 = Debug|x64
		{EB47ECD6-03C2-4E47-B624-9DB2472BFE29}.Debug_VK|x64.ActiveCfg = Debug|x64
		{EB47ECD6-03C2-4E47-B624-9DB2472BFE29}.Debug_VK|x64.Build.0 = Debug|x64
		{EB47ECD6-03C2-4E47-B624-9DB2472BFE29}.Debug|x64.ActiveCfg = Debug|x64
		{EB47ECD6-03C2-4E47-B624-9DB2472BFE29}.Release_D3D9|x64.ActiveCfg = Release|x64
		{EB47ECD6-03C2-4E47-B624-9DB2472BFE29}.Release_D3D9|x64.Build.0 = Release|x64
		{EB47ECD6-03C2-4E47-B624-9DB2472BFE29}.Release_GL|x64.ActiveCfg = Release|x64
		{EB47ECD6-03C2-4E47-B624-9DB2472BFE29}.Release_GL|x64.Build.0 = Release|x64
		{EB47ECD6-03C2-4E47-B624-9DB2472BFE29}.Release_VK|x64.ActiveCfg = Release|x64
		{EB47ECD6-03C2-4E47-B624-9DB2472BFE29}.Release_VK|x64.Build.0 = Release|x64
		{EB47ECD6-03C2-4E47-B624-9DB2472BFE29}.Release|x64.ActiveCfg = Release|x64
		{EB47ECD6-03C2-4E47-B624-9DB2472BFE29}.Release|x64.Build.0 = Release|x64
	EndGlobalSection
	GlobalSection(SolutionProperties) = preSolution
		HideSolutionNode = FALSE
	EndGlobalSection
	GlobalSection(NestedProjects) = preSolution
		{0EA8FA1F-B9AC-4E19-8C5D-7E9FA9847300} = {9FD41958-F3FF-4EF9-B7CA-F623860BB575}
		{3DCEDBF6-ECF8-4621-9C43-2D65703C16DB} = {417753E5-7251-41F5-9B98-FA591AB6B54A}
		{22DD7EA2-AB3F-47E9-AC35-A127E9FAA4AC} = {417753E5-7251-41F5-9B98-FA591AB6B54A}
		{F2861881-6C76-4A99-B3DE-F3170B04EB12} = {BC432FCF-199E-4B66-8EFB-2F84A37E7366}
		{C9AE3A1F-1215-48C8-8037-BC8EFDE0D457} = {BC432FCF-199E-4B66-8EFB-2F84A37E7366}
		{0976FBF2-F4B1-47E6-9A9E-7B6306B74350} = {9FD41958-F3FF-4EF9-B7CA-F623860BB575}
		{EBE0514D-0A9D-4579-B031-D3724EB722F3} = {417753E5-7251-41F5-9B98-FA591AB6B54A}
		{EB9EB17E-414E-4AEA-97F5-B9D29B21E446} = {417753E5-7251-41F5-9B98-FA591AB6B54A}
		{FFD4E8EF-7864-4B93-8D85-C3106A258143} = {147CB77C-3AD7-4A3F-89CA-E85330A52514}
		{EB47ECD6-03C2-4E47-B624-9DB2472BFE29} = {9FD41958-F3FF-4EF9-B7CA-F623860BB575}
	EndGlobalSection
	GlobalSection(ExtensibilityGlobals) = postSolution
		SolutionGuid = {B4EB6C4E-5B5E-4A8A-A33C-99E3ADA3CDE3}
	EndGlobalSection
EndGlobal
