Microsoft Visual Studio Solution File, Format Version 12.00
# Visual Studio Version 17
VisualStudioVersion = 17.0.31512.422
MinimumVisualStudioVersion = 10.0.40219.1
Project("{8BC9CEB8-8B4A-11D0-8D11-00A0C91BC942}") = "Application", "Application\Application.vcxproj", "{5944411B-4DBA-4597-9160-ADEEFEE7F5B8}"
	ProjectSection(ProjectDependencies) = postProject
		{A015907C-3D9B-4085-A5ED-9711A1AACABC} = {A015907C-3D9B-4085-A5ED-9711A1AACABC}
	EndProjectSection
EndProject
Project("{8BC9CEB8-8B4A-11D0-8D11-00A0C91BC942}") = "Engine", "Engine\Engine.vcxproj", "{073BCE1A-16D7-45DD-AD74-0134E52F2A24}"
	ProjectSection(ProjectDependencies) = postProject
		{0B8F4B6F-1BCA-4B26-9851-E99445B398A5} = {0B8F4B6F-1BCA-4B26-9851-E99445B398A5}
	EndProjectSection
EndProject
Project("{2150E333-8FDC-42A3-9474-1A3956D46DE8}") = "Tools", "Tools", "{9FD41958-F3FF-4EF9-B7CA-F623860BB575}"
EndProject
Project("{8BC9CEB8-8B4A-11D0-8D11-00A0C91BC942}") = "Parser", "Tools\Parser\Parser.vcxproj", "{0EA8FA1F-B9AC-4E19-8C5D-7E9FA9847300}"
EndProject
Project("{8BC9CEB8-8B4A-11D0-8D11-00A0C91BC942}") = "DbgLogger", "Tools\DbgLogger\DbgLogger.vcxproj", "{0976FBF2-F4B1-47E6-9A9E-7B6306B74350}"
EndProject
Project("{8BC9CEB8-8B4A-11D0-8D11-00A0C91BC942}") = "FontGen", "Tools\FontGen\FontGen.vcxproj", "{EB47ECD6-03C2-4E47-B624-9DB2472BFE29}"
EndProject
Project("{2150E333-8FDC-42A3-9474-1A3956D46DE8}") = "Drivers", "Drivers", "{E3F35753-B3EA-4278-8520-055304BAF923}"
EndProject
Project("{8BC9CEB8-8B4A-11D0-8D11-00A0C91BC942}") = "Vulkan", "Drivers\Vulkan\Vulkan.vcxproj", "{07D25205-2CE4-44FA-ADE8-FA56E9BAEBAF}"
	ProjectSection(ProjectDependencies) = postProject
		{5944411B-4DBA-4597-9160-ADEEFEE7F5B8} = {5944411B-4DBA-4597-9160-ADEEFEE7F5B8}
	EndProjectSection
EndProject
Project("{8BC9CEB8-8B4A-11D0-8D11-00A0C91BC942}") = "Direct3D12", "Drivers\Direct3D12\Direct3D12.vcxproj", "{442F6F7A-A38F-4900-B8E4-92BA03953F6D}"
	ProjectSection(ProjectDependencies) = postProject
		{073BCE1A-16D7-45DD-AD74-0134E52F2A24} = {073BCE1A-16D7-45DD-AD74-0134E52F2A24}
	EndProjectSection
EndProject
Project("{8BC9CEB8-8B4A-11D0-8D11-00A0C91BC942}") = "ModelImporter", "Tools\ModelImporter\ModelImporter.vcxproj", "{62E7C2A5-430C-4554-9224-AB52FB35BC3B}"
EndProject
Project("{2150E333-8FDC-42A3-9474-1A3956D46DE8}") = "Plugins", "Plugins", "{AAEF80AF-96AF-4624-AF0E-0079A313BB22}"
EndProject
Project("{2150E333-8FDC-42A3-9474-1A3956D46DE8}") = "Deps", "Deps", "{F04C0D64-26E2-42C4-AD1D-B17B48699E32}"
EndProject
Project("{8BC9CEB8-8B4A-11D0-8D11-00A0C91BC942}") = "OpenAL", "Deps\OpenAL\OpenAL.vcxproj", "{A015907C-3D9B-4085-A5ED-9711A1AACABC}"
EndProject
Project("{8BC9CEB8-8B4A-11D0-8D11-00A0C91BC942}") = "bin2c", "Tools\bin2c\bin2c.vcxproj", "{0B8F4B6F-1BCA-4B26-9851-E99445B398A5}"
EndProject
Global
	GlobalSection(SolutionConfigurationPlatforms) = preSolution
		Debug|x64 = Debug|x64
		Release|x64 = Release|x64
	EndGlobalSection
	GlobalSection(ProjectConfigurationPlatforms) = postSolution
		{5944411B-4DBA-4597-9160-ADEEFEE7F5B8}.Debug|x64.ActiveCfg = Debug|x64
		{5944411B-4DBA-4597-9160-ADEEFEE7F5B8}.Debug|x64.Build.0 = Debug|x64
		{5944411B-4DBA-4597-9160-ADEEFEE7F5B8}.Release|x64.ActiveCfg = Release|x64
		{5944411B-4DBA-4597-9160-ADEEFEE7F5B8}.Release|x64.Build.0 = Release|x64
		{073BCE1A-16D7-45DD-AD74-0134E52F2A24}.Debug|x64.ActiveCfg = Debug|x64
		{073BCE1A-16D7-45DD-AD74-0134E52F2A24}.Debug|x64.Build.0 = Debug|x64
		{073BCE1A-16D7-45DD-AD74-0134E52F2A24}.Release|x64.ActiveCfg = Release|x64
		{073BCE1A-16D7-45DD-AD74-0134E52F2A24}.Release|x64.Build.0 = Release|x64
		{0EA8FA1F-B9AC-4E19-8C5D-7E9FA9847300}.Debug|x64.ActiveCfg = Debug|x64
		{0EA8FA1F-B9AC-4E19-8C5D-7E9FA9847300}.Release|x64.ActiveCfg = Release|x64
		{0976FBF2-F4B1-47E6-9A9E-7B6306B74350}.Debug|x64.ActiveCfg = Debug|x64
		{0976FBF2-F4B1-47E6-9A9E-7B6306B74350}.Release|x64.ActiveCfg = Release|x64
		{EB47ECD6-03C2-4E47-B624-9DB2472BFE29}.Debug|x64.ActiveCfg = Debug|x64
		{EB47ECD6-03C2-4E47-B624-9DB2472BFE29}.Release|x64.ActiveCfg = Release|x64
		{07D25205-2CE4-44FA-ADE8-FA56E9BAEBAF}.Debug|x64.ActiveCfg = Debug|x64
		{07D25205-2CE4-44FA-ADE8-FA56E9BAEBAF}.Debug|x64.Build.0 = Debug|x64
		{07D25205-2CE4-44FA-ADE8-FA56E9BAEBAF}.Release|x64.ActiveCfg = Release|x64
		{07D25205-2CE4-44FA-ADE8-FA56E9BAEBAF}.Release|x64.Build.0 = Release|x64
		{442F6F7A-A38F-4900-B8E4-92BA03953F6D}.Debug|x64.ActiveCfg = Debug|x64
		{442F6F7A-A38F-4900-B8E4-92BA03953F6D}.Debug|x64.Build.0 = Debug|x64
		{442F6F7A-A38F-4900-B8E4-92BA03953F6D}.Release|x64.ActiveCfg = Release|x64
		{62E7C2A5-430C-4554-9224-AB52FB35BC3B}.Debug|x64.ActiveCfg = Debug|x64
		{62E7C2A5-430C-4554-9224-AB52FB35BC3B}.Debug|x64.Build.0 = Debug|x64
		{62E7C2A5-430C-4554-9224-AB52FB35BC3B}.Release|x64.ActiveCfg = Release|x64
		{A015907C-3D9B-4085-A5ED-9711A1AACABC}.Debug|x64.ActiveCfg = Debug|x64
		{A015907C-3D9B-4085-A5ED-9711A1AACABC}.Debug|x64.Build.0 = Debug|x64
		{A015907C-3D9B-4085-A5ED-9711A1AACABC}.Release|x64.ActiveCfg = Release|x64
		{A015907C-3D9B-4085-A5ED-9711A1AACABC}.Release|x64.Build.0 = Release|x64
		{0B8F4B6F-1BCA-4B26-9851-E99445B398A5}.Debug|x64.ActiveCfg = Debug|x64
		{0B8F4B6F-1BCA-4B26-9851-E99445B398A5}.Debug|x64.Build.0 = Debug|x64
		{0B8F4B6F-1BCA-4B26-9851-E99445B398A5}.Release|x64.ActiveCfg = Release|x64
		{0B8F4B6F-1BCA-4B26-9851-E99445B398A5}.Release|x64.Build.0 = Release|x64
	EndGlobalSection
	GlobalSection(SolutionProperties) = preSolution
		HideSolutionNode = FALSE
	EndGlobalSection
	GlobalSection(NestedProjects) = preSolution
		{0EA8FA1F-B9AC-4E19-8C5D-7E9FA9847300} = {9FD41958-F3FF-4EF9-B7CA-F623860BB575}
		{0976FBF2-F4B1-47E6-9A9E-7B6306B74350} = {9FD41958-F3FF-4EF9-B7CA-F623860BB575}
		{EB47ECD6-03C2-4E47-B624-9DB2472BFE29} = {9FD41958-F3FF-4EF9-B7CA-F623860BB575}
		{07D25205-2CE4-44FA-ADE8-FA56E9BAEBAF} = {E3F35753-B3EA-4278-8520-055304BAF923}
		{442F6F7A-A38F-4900-B8E4-92BA03953F6D} = {E3F35753-B3EA-4278-8520-055304BAF923}
		{62E7C2A5-430C-4554-9224-AB52FB35BC3B} = {9FD41958-F3FF-4EF9-B7CA-F623860BB575}
		{A015907C-3D9B-4085-A5ED-9711A1AACABC} = {F04C0D64-26E2-42C4-AD1D-B17B48699E32}
		{0B8F4B6F-1BCA-4B26-9851-E99445B398A5} = {9FD41958-F3FF-4EF9-B7CA-F623860BB575}
	EndGlobalSection
	GlobalSection(ExtensibilityGlobals) = postSolution
		SolutionGuid = {B4EB6C4E-5B5E-4A8A-A33C-99E3ADA3CDE3}
	EndGlobalSection
EndGlobal
