<?xml version="1.0" encoding="utf-8"?>
<Project ToolsVersion="4.0" xmlns="http://schemas.microsoft.com/developer/msbuild/2003">
  <ItemGroup>
    <Filter Include="Source Files">
      <UniqueIdentifier>{4FC737F1-C7A5-4376-A066-2A32D752A2FF}</UniqueIdentifier>
      <Extensions>cpp;c;cc;cxx;def;odl;idl;hpj;bat;asm;asmx</Extensions>
    </Filter>
    <Filter Include="Header Files">
      <UniqueIdentifier>{93995380-89BD-4b04-88EB-625FBE52EBFB}</UniqueIdentifier>
      <Extensions>h;hh;hpp;hxx;hm;inl;inc;ipp;xsd</Extensions>
    </Filter>
    <Filter Include="Resource Files">
      <UniqueIdentifier>{67DA6AB6-F800-4c08-8B7A-83BB121AAD01}</UniqueIdentifier>
      <Extensions>rc;ico;cur;bmp;dlg;rc2;rct;bin;rgs;gif;jpg;jpeg;jpe;resx;tiff;tif;png;wav;mfcribbon-ms</Extensions>
    </Filter>
    <Filter Include="Shaders">
      <UniqueIdentifier>{d87cb358-28b0-46cf-8eee-2bbd6fafa8d6}</UniqueIdentifier>
    </Filter>
    <Filter Include="Shaders\include">
      <UniqueIdentifier>{21a3a3a9-4121-4bc9-b739-6ddd56bf692f}</UniqueIdentifier>
    </Filter>
  </ItemGroup>
  <ItemGroup>
    <None Include="negfx_vk.def">
      <Filter>Source Files</Filter>
    </None>
    <None Include="..\..\src\negfx_vk\shaders\depth_frag.frag">
      <Filter>Shaders</Filter>
    </None>
    <None Include="..\..\src\negfx_vk\shaders\depth_vert.vert">
      <Filter>Shaders</Filter>
    </None>
    <None Include="..\..\src\negfx_vk\shaders\lighting_frag.frag">
      <Filter>Shaders</Filter>
    </None>
    <None Include="..\..\src\negfx_vk\shaders\lighting_vert.vert">
      <Filter>Shaders</Filter>
    </None>
    <None Include="..\..\src\negfx_vk\shaders\gui_frag.frag">
      <Filter>Shaders</Filter>
    </None>
    <None Include="..\..\src\negfx_vk\shaders\gui_vert.vert">
      <Filter>Shaders</Filter>
    </None>
    <None Include="..\..\src\negfx_vk\shaders\light_culling.comp">
      <Filter>Shaders</Filter>
    </None>
    <None Include="..\..\src\negfx_vk\shaders\compile.cmd">
      <Filter>Shaders</Filter>
    </None>
    <None Include="..\..\src\negfx_vk\shaders\include\depth_fs_data.glh">
      <Filter>Shaders\include</Filter>
    </None>
    <None Include="..\..\src\negfx_vk\shaders\include\fs_data.glh">
      <Filter>Shaders\include</Filter>
    </None>
    <None Include="..\..\src\negfx_vk\shaders\include\light.glh">
      <Filter>Shaders\include</Filter>
    </None>
    <None Include="..\..\src\negfx_vk\shaders\include\material.glh">
      <Filter>Shaders\include</Filter>
    </None>
    <None Include="..\..\src\negfx_vk\shaders\include\objectdata.glh">
      <Filter>Shaders\include</Filter>
    </None>
    <None Include="..\..\src\negfx_vk\shaders\include\scenedata.glh">
      <Filter>Shaders\include</Filter>
    </None>
    <None Include="..\..\src\negfx_vk\shaders\include\util.glh">
      <Filter>Shaders\include</Filter>
    </None>
    <None Include="..\..\src\negfx_vk\shaders\include\vertex_attribs.glh">
      <Filter>Shaders\include</Filter>
    </None>
  </ItemGroup>
  <ItemGroup>
    <ClCompile Include="..\..\src\negfx_vk\debug.c">
      <Filter>Source Files</Filter>
    </ClCompile>
    <ClCompile Include="..\..\src\negfx_vk\swapchain.c">
      <Filter>Source Files</Filter>
    </ClCompile>
    <ClCompile Include="..\..\src\negfx_vk\buffer.c">
      <Filter>Source Files</Filter>
    </ClCompile>
    <ClCompile Include="..\..\src\negfx_vk\init.c">
      <Filter>Source Files</Filter>
    </ClCompile>
    <ClCompile Include="..\..\src\negfx_vk\material.c">
      <Filter>Source Files</Filter>
    </ClCompile>
    <ClCompile Include="..\..\src\negfx_vk\pipeline.c">
      <Filter>Source Files</Filter>
    </ClCompile>
    <ClCompile Include="..\..\src\negfx_vk\renderpass.c">
      <Filter>Source Files</Filter>
    </ClCompile>
    <ClCompile Include="..\..\src\negfx_vk\vkgfx.c">
      <Filter>Source Files</Filter>
    </ClCompile>
    <ClCompile Include="..\..\src\negfx_vk\vkgfx_win32.c">
      <Filter>Source Files</Filter>
    </ClCompile>
    <ClCompile Include="..\..\src\negfx_vk\gui.c">
      <Filter>Source Files</Filter>
    </ClCompile>
    <ClCompile Include="..\..\src\negfx_vk\shader.c">
      <Filter>Source Files</Filter>
    </ClCompile>
    <ClCompile Include="..\..\src\negfx_vk\dpool.c">
      <Filter>Source Files</Filter>
    </ClCompile>
    <ClCompile Include="..\..\src\negfx_vk\texture.c">
      <Filter>Source Files</Filter>
    </ClCompile>
    <ClCompile Include="..\..\src\negfx_vk\render.c">
      <Filter>Source Files</Filter>
    </ClCompile>
    <ClCompile Include="..\..\src\negfx_vk\render_classic.c">
      <Filter>Source Files</Filter>
    </ClCompile>
    <ClCompile Include="..\..\src\negfx_vk\render_rt.c">
      <Filter>Source Files</Filter>
    </ClCompile>
  </ItemGroup>
  <ItemGroup>
    <ClInclude Include="..\..\src\negfx_vk\include\buffer.h">
      <Filter>Header Files</Filter>
    </ClInclude>
    <ClInclude Include="..\..\src\negfx_vk\include\debug.h">
      <Filter>Header Files</Filter>
    </ClInclude>
    <ClInclude Include="..\..\src\negfx_vk\include\dpool.h">
      <Filter>Header Files</Filter>
    </ClInclude>
    <ClInclude Include="..\..\src\negfx_vk\include\gui.h">
      <Filter>Header Files</Filter>
    </ClInclude>
    <ClInclude Include="..\..\src\negfx_vk\include\pipeline.h">
      <Filter>Header Files</Filter>
    </ClInclude>
    <ClInclude Include="..\..\src\negfx_vk\include\renderpass.h">
      <Filter>Header Files</Filter>
    </ClInclude>
    <ClInclude Include="..\..\src\negfx_vk\include\shader.h">
      <Filter>Header Files</Filter>
    </ClInclude>
    <ClInclude Include="..\..\src\negfx_vk\include\swapchain.h">
      <Filter>Header Files</Filter>
    </ClInclude>
    <ClInclude Include="..\..\src\negfx_vk\include\texture.h">
      <Filter>Header Files</Filter>
    </ClInclude>
    <ClInclude Include="..\..\src\negfx_vk\include\vkgfx.h">
      <Filter>Header Files</Filter>
    </ClInclude>
    <ClInclude Include="..\..\src\negfx_vk\include\vkutil.h">
      <Filter>Header Files</Filter>
    </ClInclude>
    <ClInclude Include="..\..\src\negfx_vk\include\render.h">
      <Filter>Header Files</Filter>
    </ClInclude>
  </ItemGroup>
</Project>