
Microsoft Visual Studio Solution File, Format Version 12.00
# Visual Studio Version 16
VisualStudioVersion = 16.0.28606.126
MinimumVisualStudioVersion = 10.0.40219.1
Project("{8BC9CEB8-8B4A-11D0-8D11-00A0C91BC942}") = "NekoEngine", "NekoEngine.vcxproj", "{A26F6B2D-A34D-495E-A3D4-F959F90CC343}"
	ProjectSection(ProjectDependencies) = postProject
		{9171FA06-8432-4CC8-8A1A-BCD04A4939EA} = {9171FA06-8432-4CC8-8A1A-BCD04A4939EA}
		{8D76C46B-85E9-4F00-A200-95031BC9D546} = {8D76C46B-85E9-4F00-A200-95031BC9D546}
		{5A39FB6C-6738-421F-A716-D62250AAEC42} = {5A39FB6C-6738-421F-A716-D62250AAEC42}
		{A40246E6-6517-4FA8-9162-4497E6988516} = {A40246E6-6517-4FA8-9162-4497E6988516}
	EndProjectSection
EndProject
Project("{8BC9CEB8-8B4A-11D0-8D11-00A0C91BC942}") = "miwa", "..\..\deps\miwa\proj\vc15\miwa.vcxproj", "{A40246E6-6517-4FA8-9162-4497E6988516}"
EndProject
Project("{8BC9CEB8-8B4A-11D0-8D11-00A0C91BC942}") = "NekoLauncher", "NekoLauncher.vcxproj", "{88BC1EFB-F412-4309-9401-E4961DD989FE}"
	ProjectSection(ProjectDependencies) = postProject
		{A26F6B2D-A34D-495E-A3D4-F959F90CC343} = {A26F6B2D-A34D-495E-A3D4-F959F90CC343}
		{03F0CBD3-C33F-4AD1-B270-E7E2EF7808A9} = {03F0CBD3-C33F-4AD1-B270-E7E2EF7808A9}
		{A40246E6-6517-4FA8-9162-4497E6988516} = {A40246E6-6517-4FA8-9162-4497E6988516}
		{6109A6EB-943D-4569-98C4-178D0D15FAA4} = {6109A6EB-943D-4569-98C4-178D0D15FAA4}
	EndProjectSection
EndProject
Project("{8BC9CEB8-8B4A-11D0-8D11-00A0C91BC942}") = "kazmath", "kazmath.vcxproj", "{5A39FB6C-6738-421F-A716-D62250AAEC42}"
EndProject
Project("{2150E333-8FDC-42A3-9474-1A3956D46DE8}") = "graphics", "graphics", "{F8B5FC61-499E-42D4-AB5C-72E058A171EE}"
EndProject
Project("{8BC9CEB8-8B4A-11D0-8D11-00A0C91BC942}") = "negfx_d3d11", "negfx_d3d11.vcxproj", "{99FE7741-0BDA-4328-87C3-E37002FEC882}"
	ProjectSection(ProjectDependencies) = postProject
		{A26F6B2D-A34D-495E-A3D4-F959F90CC343} = {A26F6B2D-A34D-495E-A3D4-F959F90CC343}
	EndProjectSection
EndProject
Project("{8BC9CEB8-8B4A-11D0-8D11-00A0C91BC942}") = "negfx_gl", "negfx_gl.vcxproj", "{84639AB5-7404-4FDB-9983-901DA7D92EE7}"
	ProjectSection(ProjectDependencies) = postProject
		{A26F6B2D-A34D-495E-A3D4-F959F90CC343} = {A26F6B2D-A34D-495E-A3D4-F959F90CC343}
	EndProjectSection
EndProject
Project("{8BC9CEB8-8B4A-11D0-8D11-00A0C91BC942}") = "negfx_vk", "negfx_vk.vcxproj", "{03F0CBD3-C33F-4AD1-B270-E7E2EF7808A9}"
	ProjectSection(ProjectDependencies) = postProject
		{A26F6B2D-A34D-495E-A3D4-F959F90CC343} = {A26F6B2D-A34D-495E-A3D4-F959F90CC343}
	EndProjectSection
EndProject
Project("{8BC9CEB8-8B4A-11D0-8D11-00A0C91BC942}") = "test_app", "test_app.vcxproj", "{6109A6EB-943D-4569-98C4-178D0D15FAA4}"
	ProjectSection(ProjectDependencies) = postProject
		{9171FA06-8432-4CC8-8A1A-BCD04A4939EA} = {9171FA06-8432-4CC8-8A1A-BCD04A4939EA}
		{A26F6B2D-A34D-495E-A3D4-F959F90CC343} = {A26F6B2D-A34D-495E-A3D4-F959F90CC343}
	EndProjectSection
EndProject
Project("{2150E333-8FDC-42A3-9474-1A3956D46DE8}") = "tools", "tools", "{9FA4C328-5602-4698-96DE-D17617997FB0}"
EndProject
Project("{8BC9CEB8-8B4A-11D0-8D11-00A0C91BC942}") = "ecsgen", "ecsgen.vcxproj", "{9171FA06-8432-4CC8-8A1A-BCD04A4939EA}"
EndProject
Project("{8BC9CEB8-8B4A-11D0-8D11-00A0C91BC942}") = "negfx_d3d12", "negfx_d3d12.vcxproj", "{A3D6DE44-45B0-471E-A524-452043BEE26B}"
	ProjectSection(ProjectDependencies) = postProject
		{A26F6B2D-A34D-495E-A3D4-F959F90CC343} = {A26F6B2D-A34D-495E-A3D4-F959F90CC343}
	EndProjectSection
EndProject
Project("{8BC9CEB8-8B4A-11D0-8D11-00A0C91BC942}") = "negfx_gl1", "negfx_gl1.vcxproj", "{50BF45C7-7AB8-40CB-B3AA-DBFDA745CB79}"
	ProjectSection(ProjectDependencies) = postProject
		{A26F6B2D-A34D-495E-A3D4-F959F90CC343} = {A26F6B2D-A34D-495E-A3D4-F959F90CC343}
	EndProjectSection
EndProject
Project("{2150E333-8FDC-42A3-9474-1A3956D46DE8}") = "dependencies", "dependencies", "{3644EFBA-543D-4FAA-A34F-9B808167AB91}"
EndProject
Project("{8BC9CEB8-8B4A-11D0-8D11-00A0C91BC942}") = "NekoEditor", "NekoEditor.vcxproj", "{7B58FFA8-D0F4-423C-A47B-09861C133E08}"
EndProject
Project("{8BC9CEB8-8B4A-11D0-8D11-00A0C91BC942}") = "bin2c", "bin2c.vcxproj", "{8D76C46B-85E9-4F00-A200-95031BC9D546}"
EndProject
Global
	GlobalSection(SolutionConfigurationPlatforms) = preSolution
		Debug_XP|Win32 = Debug_XP|Win32
		Debug_XP|x64 = Debug_XP|x64
		Debug|Win32 = Debug|Win32
		Debug|x64 = Debug|x64
		Release_XP|Win32 = Release_XP|Win32
		Release_XP|x64 = Release_XP|x64
		Release|Win32 = Release|Win32
		Release|x64 = Release|x64
	EndGlobalSection
	GlobalSection(ProjectConfigurationPlatforms) = postSolution
		{A26F6B2D-A34D-495E-A3D4-F959F90CC343}.Debug_XP|Win32.ActiveCfg = Debug_XP|Win32
		{A26F6B2D-A34D-495E-A3D4-F959F90CC343}.Debug_XP|Win32.Build.0 = Debug_XP|Win32
		{A26F6B2D-A34D-495E-A3D4-F959F90CC343}.Debug_XP|x64.ActiveCfg = Debug_XP|x64
		{A26F6B2D-A34D-495E-A3D4-F959F90CC343}.Debug_XP|x64.Build.0 = Debug_XP|x64
		{A26F6B2D-A34D-495E-A3D4-F959F90CC343}.Debug|Win32.ActiveCfg = Debug|Win32
		{A26F6B2D-A34D-495E-A3D4-F959F90CC343}.Debug|Win32.Build.0 = Debug|Win32
		{A26F6B2D-A34D-495E-A3D4-F959F90CC343}.Debug|x64.ActiveCfg = Debug|x64
		{A26F6B2D-A34D-495E-A3D4-F959F90CC343}.Debug|x64.Build.0 = Debug|x64
		{A26F6B2D-A34D-495E-A3D4-F959F90CC343}.Release_XP|Win32.ActiveCfg = Release_XP|Win32
		{A26F6B2D-A34D-495E-A3D4-F959F90CC343}.Release_XP|Win32.Build.0 = Release_XP|Win32
		{A26F6B2D-A34D-495E-A3D4-F959F90CC343}.Release_XP|x64.ActiveCfg = Release_XP|x64
		{A26F6B2D-A34D-495E-A3D4-F959F90CC343}.Release_XP|x64.Build.0 = Release_XP|x64
		{A26F6B2D-A34D-495E-A3D4-F959F90CC343}.Release|Win32.ActiveCfg = Release|Win32
		{A26F6B2D-A34D-495E-A3D4-F959F90CC343}.Release|Win32.Build.0 = Release|Win32
		{A26F6B2D-A34D-495E-A3D4-F959F90CC343}.Release|x64.ActiveCfg = Release|x64
		{A26F6B2D-A34D-495E-A3D4-F959F90CC343}.Release|x64.Build.0 = Release|x64
		{A40246E6-6517-4FA8-9162-4497E6988516}.Debug_XP|Win32.ActiveCfg = Debug_XP|Win32
		{A40246E6-6517-4FA8-9162-4497E6988516}.Debug_XP|Win32.Build.0 = Debug_XP|Win32
		{A40246E6-6517-4FA8-9162-4497E6988516}.Debug_XP|x64.ActiveCfg = Debug_XP|x64
		{A40246E6-6517-4FA8-9162-4497E6988516}.Debug_XP|x64.Build.0 = Debug_XP|x64
		{A40246E6-6517-4FA8-9162-4497E6988516}.Debug|Win32.ActiveCfg = Debug|Win32
		{A40246E6-6517-4FA8-9162-4497E6988516}.Debug|Win32.Build.0 = Debug|Win32
		{A40246E6-6517-4FA8-9162-4497E6988516}.Debug|x64.ActiveCfg = Debug|x64
		{A40246E6-6517-4FA8-9162-4497E6988516}.Debug|x64.Build.0 = Debug|x64
		{A40246E6-6517-4FA8-9162-4497E6988516}.Release_XP|Win32.ActiveCfg = Release_XP|Win32
		{A40246E6-6517-4FA8-9162-4497E6988516}.Release_XP|Win32.Build.0 = Release_XP|Win32
		{A40246E6-6517-4FA8-9162-4497E6988516}.Release_XP|x64.ActiveCfg = Release_XP|x64
		{A40246E6-6517-4FA8-9162-4497E6988516}.Release_XP|x64.Build.0 = Release_XP|x64
		{A40246E6-6517-4FA8-9162-4497E6988516}.Release|Win32.ActiveCfg = Release|Win32
		{A40246E6-6517-4FA8-9162-4497E6988516}.Release|Win32.Build.0 = Release|Win32
		{A40246E6-6517-4FA8-9162-4497E6988516}.Release|x64.ActiveCfg = Release|x64
		{A40246E6-6517-4FA8-9162-4497E6988516}.Release|x64.Build.0 = Release|x64
		{88BC1EFB-F412-4309-9401-E4961DD989FE}.Debug_XP|Win32.ActiveCfg = Debug_XP|Win32
		{88BC1EFB-F412-4309-9401-E4961DD989FE}.Debug_XP|Win32.Build.0 = Debug_XP|Win32
		{88BC1EFB-F412-4309-9401-E4961DD989FE}.Debug_XP|x64.ActiveCfg = Debug_XP|x64
		{88BC1EFB-F412-4309-9401-E4961DD989FE}.Debug_XP|x64.Build.0 = Debug_XP|x64
		{88BC1EFB-F412-4309-9401-E4961DD989FE}.Debug|Win32.ActiveCfg = Debug|Win32
		{88BC1EFB-F412-4309-9401-E4961DD989FE}.Debug|Win32.Build.0 = Debug|Win32
		{88BC1EFB-F412-4309-9401-E4961DD989FE}.Debug|x64.ActiveCfg = Debug|x64
		{88BC1EFB-F412-4309-9401-E4961DD989FE}.Debug|x64.Build.0 = Debug|x64
		{88BC1EFB-F412-4309-9401-E4961DD989FE}.Release_XP|Win32.ActiveCfg = Release_XP|Win32
		{88BC1EFB-F412-4309-9401-E4961DD989FE}.Release_XP|Win32.Build.0 = Release_XP|Win32
		{88BC1EFB-F412-4309-9401-E4961DD989FE}.Release_XP|x64.ActiveCfg = Release_XP|x64
		{88BC1EFB-F412-4309-9401-E4961DD989FE}.Release_XP|x64.Build.0 = Release_XP|x64
		{88BC1EFB-F412-4309-9401-E4961DD989FE}.Release|Win32.ActiveCfg = Release|Win32
		{88BC1EFB-F412-4309-9401-E4961DD989FE}.Release|Win32.Build.0 = Release|Win32
		{88BC1EFB-F412-4309-9401-E4961DD989FE}.Release|x64.ActiveCfg = Release|x64
		{88BC1EFB-F412-4309-9401-E4961DD989FE}.Release|x64.Build.0 = Release|x64
		{5A39FB6C-6738-421F-A716-D62250AAEC42}.Debug_XP|Win32.ActiveCfg = Debug_XP|Win32
		{5A39FB6C-6738-421F-A716-D62250AAEC42}.Debug_XP|Win32.Build.0 = Debug_XP|Win32
		{5A39FB6C-6738-421F-A716-D62250AAEC42}.Debug_XP|x64.ActiveCfg = Debug_XP|x64
		{5A39FB6C-6738-421F-A716-D62250AAEC42}.Debug_XP|x64.Build.0 = Debug_XP|x64
		{5A39FB6C-6738-421F-A716-D62250AAEC42}.Debug|Win32.ActiveCfg = Debug|Win32
		{5A39FB6C-6738-421F-A716-D62250AAEC42}.Debug|Win32.Build.0 = Debug|Win32
		{5A39FB6C-6738-421F-A716-D62250AAEC42}.Debug|x64.ActiveCfg = Debug|x64
		{5A39FB6C-6738-421F-A716-D62250AAEC42}.Debug|x64.Build.0 = Debug|x64
		{5A39FB6C-6738-421F-A716-D62250AAEC42}.Release_XP|Win32.ActiveCfg = Release_XP|Win32
		{5A39FB6C-6738-421F-A716-D62250AAEC42}.Release_XP|Win32.Build.0 = Release_XP|Win32
		{5A39FB6C-6738-421F-A716-D62250AAEC42}.Release_XP|x64.ActiveCfg = Release_XP|x64
		{5A39FB6C-6738-421F-A716-D62250AAEC42}.Release_XP|x64.Build.0 = Release_XP|x64
		{5A39FB6C-6738-421F-A716-D62250AAEC42}.Release|Win32.ActiveCfg = Release|Win32
		{5A39FB6C-6738-421F-A716-D62250AAEC42}.Release|Win32.Build.0 = Release|Win32
		{5A39FB6C-6738-421F-A716-D62250AAEC42}.Release|x64.ActiveCfg = Release|x64
		{5A39FB6C-6738-421F-A716-D62250AAEC42}.Release|x64.Build.0 = Release|x64
		{99FE7741-0BDA-4328-87C3-E37002FEC882}.Debug_XP|Win32.ActiveCfg = Debug_XP|Win32
		{99FE7741-0BDA-4328-87C3-E37002FEC882}.Debug_XP|Win32.Build.0 = Debug_XP|Win32
		{99FE7741-0BDA-4328-87C3-E37002FEC882}.Debug_XP|x64.ActiveCfg = Debug_XP|x64
		{99FE7741-0BDA-4328-87C3-E37002FEC882}.Debug_XP|x64.Build.0 = Debug_XP|x64
		{99FE7741-0BDA-4328-87C3-E37002FEC882}.Debug|Win32.ActiveCfg = Debug|Win32
		{99FE7741-0BDA-4328-87C3-E37002FEC882}.Debug|Win32.Build.0 = Debug|Win32
		{99FE7741-0BDA-4328-87C3-E37002FEC882}.Debug|x64.ActiveCfg = Debug|x64
		{99FE7741-0BDA-4328-87C3-E37002FEC882}.Debug|x64.Build.0 = Debug|x64
		{99FE7741-0BDA-4328-87C3-E37002FEC882}.Release_XP|Win32.ActiveCfg = Release_XP|Win32
		{99FE7741-0BDA-4328-87C3-E37002FEC882}.Release_XP|Win32.Build.0 = Release_XP|Win32
		{99FE7741-0BDA-4328-87C3-E37002FEC882}.Release_XP|x64.ActiveCfg = Release_XP|x64
		{99FE7741-0BDA-4328-87C3-E37002FEC882}.Release_XP|x64.Build.0 = Release_XP|x64
		{99FE7741-0BDA-4328-87C3-E37002FEC882}.Release|Win32.ActiveCfg = Release|Win32
		{99FE7741-0BDA-4328-87C3-E37002FEC882}.Release|Win32.Build.0 = Release|Win32
		{99FE7741-0BDA-4328-87C3-E37002FEC882}.Release|x64.ActiveCfg = Release|x64
		{99FE7741-0BDA-4328-87C3-E37002FEC882}.Release|x64.Build.0 = Release|x64
		{84639AB5-7404-4FDB-9983-901DA7D92EE7}.Debug_XP|Win32.ActiveCfg = Debug_XP|Win32
		{84639AB5-7404-4FDB-9983-901DA7D92EE7}.Debug_XP|Win32.Build.0 = Debug_XP|Win32
		{84639AB5-7404-4FDB-9983-901DA7D92EE7}.Debug_XP|x64.ActiveCfg = Debug_XP|x64
		{84639AB5-7404-4FDB-9983-901DA7D92EE7}.Debug_XP|x64.Build.0 = Debug_XP|x64
		{84639AB5-7404-4FDB-9983-901DA7D92EE7}.Debug|Win32.ActiveCfg = Debug|Win32
		{84639AB5-7404-4FDB-9983-901DA7D92EE7}.Debug|Win32.Build.0 = Debug|Win32
		{84639AB5-7404-4FDB-9983-901DA7D92EE7}.Debug|x64.ActiveCfg = Debug|x64
		{84639AB5-7404-4FDB-9983-901DA7D92EE7}.Debug|x64.Build.0 = Debug|x64
		{84639AB5-7404-4FDB-9983-901DA7D92EE7}.Release_XP|Win32.ActiveCfg = Release_XP|Win32
		{84639AB5-7404-4FDB-9983-901DA7D92EE7}.Release_XP|Win32.Build.0 = Release_XP|Win32
		{84639AB5-7404-4FDB-9983-901DA7D92EE7}.Release_XP|x64.ActiveCfg = Release_XP|x64
		{84639AB5-7404-4FDB-9983-901DA7D92EE7}.Release_XP|x64.Build.0 = Release_XP|x64
		{84639AB5-7404-4FDB-9983-901DA7D92EE7}.Release|Win32.ActiveCfg = Release|Win32
		{84639AB5-7404-4FDB-9983-901DA7D92EE7}.Release|Win32.Build.0 = Release|Win32
		{84639AB5-7404-4FDB-9983-901DA7D92EE7}.Release|x64.ActiveCfg = Release|x64
		{84639AB5-7404-4FDB-9983-901DA7D92EE7}.Release|x64.Build.0 = Release|x64
		{03F0CBD3-C33F-4AD1-B270-E7E2EF7808A9}.Debug_XP|Win32.ActiveCfg = Debug_XP|Win32
		{03F0CBD3-C33F-4AD1-B270-E7E2EF7808A9}.Debug_XP|Win32.Build.0 = Debug_XP|Win32
		{03F0CBD3-C33F-4AD1-B270-E7E2EF7808A9}.Debug_XP|x64.ActiveCfg = Debug_XP|x64
		{03F0CBD3-C33F-4AD1-B270-E7E2EF7808A9}.Debug_XP|x64.Build.0 = Debug_XP|x64
		{03F0CBD3-C33F-4AD1-B270-E7E2EF7808A9}.Debug|Win32.ActiveCfg = Debug|Win32
		{03F0CBD3-C33F-4AD1-B270-E7E2EF7808A9}.Debug|Win32.Build.0 = Debug|Win32
		{03F0CBD3-C33F-4AD1-B270-E7E2EF7808A9}.Debug|x64.ActiveCfg = Debug|x64
		{03F0CBD3-C33F-4AD1-B270-E7E2EF7808A9}.Debug|x64.Build.0 = Debug|x64
		{03F0CBD3-C33F-4AD1-B270-E7E2EF7808A9}.Release_XP|Win32.ActiveCfg = Release_XP|Win32
		{03F0CBD3-C33F-4AD1-B270-E7E2EF7808A9}.Release_XP|Win32.Build.0 = Release_XP|Win32
		{03F0CBD3-C33F-4AD1-B270-E7E2EF7808A9}.Release_XP|x64.ActiveCfg = Release_XP|x64
		{03F0CBD3-C33F-4AD1-B270-E7E2EF7808A9}.Release_XP|x64.Build.0 = Release_XP|x64
		{03F0CBD3-C33F-4AD1-B270-E7E2EF7808A9}.Release|Win32.ActiveCfg = Release|Win32
		{03F0CBD3-C33F-4AD1-B270-E7E2EF7808A9}.Release|Win32.Build.0 = Release|Win32
		{03F0CBD3-C33F-4AD1-B270-E7E2EF7808A9}.Release|x64.ActiveCfg = Release|x64
		{03F0CBD3-C33F-4AD1-B270-E7E2EF7808A9}.Release|x64.Build.0 = Release|x64
		{6109A6EB-943D-4569-98C4-178D0D15FAA4}.Debug_XP|Win32.ActiveCfg = Debug_XP|Win32
		{6109A6EB-943D-4569-98C4-178D0D15FAA4}.Debug_XP|Win32.Build.0 = Debug_XP|Win32
		{6109A6EB-943D-4569-98C4-178D0D15FAA4}.Debug_XP|x64.ActiveCfg = Debug_XP|x64
		{6109A6EB-943D-4569-98C4-178D0D15FAA4}.Debug_XP|x64.Build.0 = Debug_XP|x64
		{6109A6EB-943D-4569-98C4-178D0D15FAA4}.Debug|Win32.ActiveCfg = Debug|Win32
		{6109A6EB-943D-4569-98C4-178D0D15FAA4}.Debug|Win32.Build.0 = Debug|Win32
		{6109A6EB-943D-4569-98C4-178D0D15FAA4}.Debug|x64.ActiveCfg = Debug|x64
		{6109A6EB-943D-4569-98C4-178D0D15FAA4}.Debug|x64.Build.0 = Debug|x64
		{6109A6EB-943D-4569-98C4-178D0D15FAA4}.Release_XP|Win32.ActiveCfg = Release_XP|Win32
		{6109A6EB-943D-4569-98C4-178D0D15FAA4}.Release_XP|Win32.Build.0 = Release_XP|Win32
		{6109A6EB-943D-4569-98C4-178D0D15FAA4}.Release_XP|x64.ActiveCfg = Release_XP|x64
		{6109A6EB-943D-4569-98C4-178D0D15FAA4}.Release_XP|x64.Build.0 = Release_XP|x64
		{6109A6EB-943D-4569-98C4-178D0D15FAA4}.Release|Win32.ActiveCfg = Release|Win32
		{6109A6EB-943D-4569-98C4-178D0D15FAA4}.Release|Win32.Build.0 = Release|Win32
		{6109A6EB-943D-4569-98C4-178D0D15FAA4}.Release|x64.ActiveCfg = Release|x64
		{6109A6EB-943D-4569-98C4-178D0D15FAA4}.Release|x64.Build.0 = Release|x64
		{9171FA06-8432-4CC8-8A1A-BCD04A4939EA}.Debug_XP|Win32.ActiveCfg = Debug_XP|Win32
		{9171FA06-8432-4CC8-8A1A-BCD04A4939EA}.Debug_XP|Win32.Build.0 = Debug_XP|Win32
		{9171FA06-8432-4CC8-8A1A-BCD04A4939EA}.Debug_XP|x64.ActiveCfg = Debug_XP|x64
		{9171FA06-8432-4CC8-8A1A-BCD04A4939EA}.Debug_XP|x64.Build.0 = Debug_XP|x64
		{9171FA06-8432-4CC8-8A1A-BCD04A4939EA}.Debug|Win32.ActiveCfg = Debug|Win32
		{9171FA06-8432-4CC8-8A1A-BCD04A4939EA}.Debug|Win32.Build.0 = Debug|Win32
		{9171FA06-8432-4CC8-8A1A-BCD04A4939EA}.Debug|x64.ActiveCfg = Debug|x64
		{9171FA06-8432-4CC8-8A1A-BCD04A4939EA}.Debug|x64.Build.0 = Debug|x64
		{9171FA06-8432-4CC8-8A1A-BCD04A4939EA}.Release_XP|Win32.ActiveCfg = Release_XP|Win32
		{9171FA06-8432-4CC8-8A1A-BCD04A4939EA}.Release_XP|Win32.Build.0 = Release_XP|Win32
		{9171FA06-8432-4CC8-8A1A-BCD04A4939EA}.Release_XP|x64.ActiveCfg = Release_XP|x64
		{9171FA06-8432-4CC8-8A1A-BCD04A4939EA}.Release_XP|x64.Build.0 = Release_XP|x64
		{9171FA06-8432-4CC8-8A1A-BCD04A4939EA}.Release|Win32.ActiveCfg = Release|Win32
		{9171FA06-8432-4CC8-8A1A-BCD04A4939EA}.Release|Win32.Build.0 = Release|Win32
		{9171FA06-8432-4CC8-8A1A-BCD04A4939EA}.Release|x64.ActiveCfg = Release|x64
		{9171FA06-8432-4CC8-8A1A-BCD04A4939EA}.Release|x64.Build.0 = Release|x64
		{A3D6DE44-45B0-471E-A524-452043BEE26B}.Debug_XP|Win32.ActiveCfg = Debug_XP|Win32
		{A3D6DE44-45B0-471E-A524-452043BEE26B}.Debug_XP|Win32.Build.0 = Debug_XP|Win32
		{A3D6DE44-45B0-471E-A524-452043BEE26B}.Debug_XP|x64.ActiveCfg = Debug_XP|x64
		{A3D6DE44-45B0-471E-A524-452043BEE26B}.Debug_XP|x64.Build.0 = Debug_XP|x64
		{A3D6DE44-45B0-471E-A524-452043BEE26B}.Debug|Win32.ActiveCfg = Debug|Win32
		{A3D6DE44-45B0-471E-A524-452043BEE26B}.Debug|Win32.Build.0 = Debug|Win32
		{A3D6DE44-45B0-471E-A524-452043BEE26B}.Debug|x64.ActiveCfg = Debug|x64
		{A3D6DE44-45B0-471E-A524-452043BEE26B}.Debug|x64.Build.0 = Debug|x64
		{A3D6DE44-45B0-471E-A524-452043BEE26B}.Release_XP|Win32.ActiveCfg = Release_XP|Win32
		{A3D6DE44-45B0-471E-A524-452043BEE26B}.Release_XP|Win32.Build.0 = Release_XP|Win32
		{A3D6DE44-45B0-471E-A524-452043BEE26B}.Release_XP|x64.ActiveCfg = Release_XP|x64
		{A3D6DE44-45B0-471E-A524-452043BEE26B}.Release_XP|x64.Build.0 = Release_XP|x64
		{A3D6DE44-45B0-471E-A524-452043BEE26B}.Release|Win32.ActiveCfg = Release|Win32
		{A3D6DE44-45B0-471E-A524-452043BEE26B}.Release|Win32.Build.0 = Release|Win32
		{A3D6DE44-45B0-471E-A524-452043BEE26B}.Release|x64.ActiveCfg = Release|x64
		{A3D6DE44-45B0-471E-A524-452043BEE26B}.Release|x64.Build.0 = Release|x64
		{50BF45C7-7AB8-40CB-B3AA-DBFDA745CB79}.Debug_XP|Win32.ActiveCfg = Debug_XP|Win32
		{50BF45C7-7AB8-40CB-B3AA-DBFDA745CB79}.Debug_XP|Win32.Build.0 = Debug_XP|Win32
		{50BF45C7-7AB8-40CB-B3AA-DBFDA745CB79}.Debug_XP|x64.ActiveCfg = Debug_XP|x64
		{50BF45C7-7AB8-40CB-B3AA-DBFDA745CB79}.Debug_XP|x64.Build.0 = Debug_XP|x64
		{50BF45C7-7AB8-40CB-B3AA-DBFDA745CB79}.Debug|Win32.ActiveCfg = Debug|Win32
		{50BF45C7-7AB8-40CB-B3AA-DBFDA745CB79}.Debug|Win32.Build.0 = Debug|Win32
		{50BF45C7-7AB8-40CB-B3AA-DBFDA745CB79}.Debug|x64.ActiveCfg = Debug|x64
		{50BF45C7-7AB8-40CB-B3AA-DBFDA745CB79}.Debug|x64.Build.0 = Debug|x64
		{50BF45C7-7AB8-40CB-B3AA-DBFDA745CB79}.Release_XP|Win32.ActiveCfg = Release_XP|Win32
		{50BF45C7-7AB8-40CB-B3AA-DBFDA745CB79}.Release_XP|Win32.Build.0 = Release_XP|Win32
		{50BF45C7-7AB8-40CB-B3AA-DBFDA745CB79}.Release_XP|x64.ActiveCfg = Release_XP|x64
		{50BF45C7-7AB8-40CB-B3AA-DBFDA745CB79}.Release_XP|x64.Build.0 = Release_XP|x64
		{50BF45C7-7AB8-40CB-B3AA-DBFDA745CB79}.Release|Win32.ActiveCfg = Release|Win32
		{50BF45C7-7AB8-40CB-B3AA-DBFDA745CB79}.Release|Win32.Build.0 = Release|Win32
		{50BF45C7-7AB8-40CB-B3AA-DBFDA745CB79}.Release|x64.ActiveCfg = Release|x64
		{50BF45C7-7AB8-40CB-B3AA-DBFDA745CB79}.Release|x64.Build.0 = Release|x64
		{7B58FFA8-D0F4-423C-A47B-09861C133E08}.Debug_XP|Win32.ActiveCfg = Debug|Win32
		{7B58FFA8-D0F4-423C-A47B-09861C133E08}.Debug_XP|Win32.Build.0 = Debug|Win32
		{7B58FFA8-D0F4-423C-A47B-09861C133E08}.Debug_XP|x64.ActiveCfg = Debug_XP|x64
		{7B58FFA8-D0F4-423C-A47B-09861C133E08}.Debug_XP|x64.Build.0 = Debug_XP|x64
		{7B58FFA8-D0F4-423C-A47B-09861C133E08}.Debug|Win32.ActiveCfg = Debug|Win32
		{7B58FFA8-D0F4-423C-A47B-09861C133E08}.Debug|Win32.Build.0 = Debug|Win32
		{7B58FFA8-D0F4-423C-A47B-09861C133E08}.Debug|x64.ActiveCfg = Debug|x64
		{7B58FFA8-D0F4-423C-A47B-09861C133E08}.Debug|x64.Build.0 = Debug|x64
		{7B58FFA8-D0F4-423C-A47B-09861C133E08}.Release_XP|Win32.ActiveCfg = Release|Win32
		{7B58FFA8-D0F4-423C-A47B-09861C133E08}.Release_XP|Win32.Build.0 = Release|Win32
		{7B58FFA8-D0F4-423C-A47B-09861C133E08}.Release_XP|x64.ActiveCfg = Release_XP|x64
		{7B58FFA8-D0F4-423C-A47B-09861C133E08}.Release_XP|x64.Build.0 = Release_XP|x64
		{7B58FFA8-D0F4-423C-A47B-09861C133E08}.Release|Win32.ActiveCfg = Release|Win32
		{7B58FFA8-D0F4-423C-A47B-09861C133E08}.Release|Win32.Build.0 = Release|Win32
		{7B58FFA8-D0F4-423C-A47B-09861C133E08}.Release|x64.ActiveCfg = Release|x64
		{7B58FFA8-D0F4-423C-A47B-09861C133E08}.Release|x64.Build.0 = Release|x64
		{8D76C46B-85E9-4F00-A200-95031BC9D546}.Debug_XP|Win32.ActiveCfg = Debug|Win32
		{8D76C46B-85E9-4F00-A200-95031BC9D546}.Debug_XP|Win32.Build.0 = Debug|Win32
		{8D76C46B-85E9-4F00-A200-95031BC9D546}.Debug_XP|x64.ActiveCfg = Debug_XP|x64
		{8D76C46B-85E9-4F00-A200-95031BC9D546}.Debug_XP|x64.Build.0 = Debug_XP|x64
		{8D76C46B-85E9-4F00-A200-95031BC9D546}.Debug|Win32.ActiveCfg = Debug|Win32
		{8D76C46B-85E9-4F00-A200-95031BC9D546}.Debug|Win32.Build.0 = Debug|Win32
		{8D76C46B-85E9-4F00-A200-95031BC9D546}.Debug|x64.ActiveCfg = Debug|x64
		{8D76C46B-85E9-4F00-A200-95031BC9D546}.Debug|x64.Build.0 = Debug|x64
		{8D76C46B-85E9-4F00-A200-95031BC9D546}.Release_XP|Win32.ActiveCfg = Release|Win32
		{8D76C46B-85E9-4F00-A200-95031BC9D546}.Release_XP|Win32.Build.0 = Release|Win32
		{8D76C46B-85E9-4F00-A200-95031BC9D546}.Release_XP|x64.ActiveCfg = Release_XP|x64
		{8D76C46B-85E9-4F00-A200-95031BC9D546}.Release_XP|x64.Build.0 = Release_XP|x64
		{8D76C46B-85E9-4F00-A200-95031BC9D546}.Release|Win32.ActiveCfg = Release|Win32
		{8D76C46B-85E9-4F00-A200-95031BC9D546}.Release|Win32.Build.0 = Release|Win32
		{8D76C46B-85E9-4F00-A200-95031BC9D546}.Release|x64.ActiveCfg = Release|x64
		{8D76C46B-85E9-4F00-A200-95031BC9D546}.Release|x64.Build.0 = Release|x64
	EndGlobalSection
	GlobalSection(SolutionProperties) = preSolution
		HideSolutionNode = FALSE
	EndGlobalSection
	GlobalSection(NestedProjects) = preSolution
		{A40246E6-6517-4FA8-9162-4497E6988516} = {3644EFBA-543D-4FAA-A34F-9B808167AB91}
		{5A39FB6C-6738-421F-A716-D62250AAEC42} = {3644EFBA-543D-4FAA-A34F-9B808167AB91}
		{99FE7741-0BDA-4328-87C3-E37002FEC882} = {F8B5FC61-499E-42D4-AB5C-72E058A171EE}
		{84639AB5-7404-4FDB-9983-901DA7D92EE7} = {F8B5FC61-499E-42D4-AB5C-72E058A171EE}
		{03F0CBD3-C33F-4AD1-B270-E7E2EF7808A9} = {F8B5FC61-499E-42D4-AB5C-72E058A171EE}
		{9171FA06-8432-4CC8-8A1A-BCD04A4939EA} = {9FA4C328-5602-4698-96DE-D17617997FB0}
		{A3D6DE44-45B0-471E-A524-452043BEE26B} = {F8B5FC61-499E-42D4-AB5C-72E058A171EE}
		{50BF45C7-7AB8-40CB-B3AA-DBFDA745CB79} = {F8B5FC61-499E-42D4-AB5C-72E058A171EE}
		{8D76C46B-85E9-4F00-A200-95031BC9D546} = {9FA4C328-5602-4698-96DE-D17617997FB0}
	EndGlobalSection
	GlobalSection(ExtensibilityGlobals) = postSolution
		SolutionGuid = {F2C5F884-212E-4BD0-A8D3-F3259EB9FDDA}
	EndGlobalSection
EndGlobal
