<?xml version="1.0" encoding="utf-8"?>
<Project ToolsVersion="4.0" xmlns="http://schemas.microsoft.com/developer/msbuild/2003">
  <ItemGroup>
    <Filter Include="Source Files">
      <UniqueIdentifier>{4FC737F1-C7A5-4376-A066-2A32D752A2FF}</UniqueIdentifier>
      <Extensions>cpp;c;cc;cxx;def;odl;idl;hpj;bat;asm;asmx</Extensions>
    </Filter>
    <Filter Include="Header Files">
      <UniqueIdentifier>{93995380-89BD-4b04-88EB-625FBE52EBFB}</UniqueIdentifier>
      <Extensions>h;hh;hpp;hxx;hm;inl;inc;ipp;xsd</Extensions>
    </Filter>
    <Filter Include="Resource Files">
      <UniqueIdentifier>{67DA6AB6-F800-4c08-8B7A-83BB121AAD01}</UniqueIdentifier>
      <Extensions>rc;ico;cur;bmp;dlg;rc2;rct;bin;rgs;gif;jpg;jpeg;jpe;resx;tiff;tif;png;wav;mfcribbon-ms</Extensions>
    </Filter>
    <Filter Include="Header Files\engine">
      <UniqueIdentifier>{5d8e2b8c-0887-4e84-9bc8-6a37fc641dd3}</UniqueIdentifier>
    </Filter>
    <Filter Include="Header Files\graphics">
      <UniqueIdentifier>{ea031064-b8f7-41fb-81e0-bb6f74f4486d}</UniqueIdentifier>
    </Filter>
    <Filter Include="Source Files\graphics">
      <UniqueIdentifier>{30bc5ef7-9d1b-49b9-aefc-3a07c795ac18}</UniqueIdentifier>
    </Filter>
    <Filter Include="Private Header Files">
      <UniqueIdentifier>{d9114c6f-8bc1-4b31-b5c5-8992a04fc1e2}</UniqueIdentifier>
    </Filter>
    <Filter Include="Private Header Files\graphics">
      <UniqueIdentifier>{72513c74-fc56-471c-b8f2-130ff7d38851}</UniqueIdentifier>
    </Filter>
    <Filter Include="Source Files\scene">
      <UniqueIdentifier>{781d889c-d3a6-4dfb-bc37-06a7983dfced}</UniqueIdentifier>
    </Filter>
    <Filter Include="Private Header Files\engine">
      <UniqueIdentifier>{4cd38f4d-e1bc-4b1a-a6ff-ae6c8d600637}</UniqueIdentifier>
    </Filter>
    <Filter Include="Source Files\win32">
      <UniqueIdentifier>{d8ae6d46-732a-40c6-961d-1e0604b32737}</UniqueIdentifier>
    </Filter>
    <Filter Include="Header Files\sound">
      <UniqueIdentifier>{09b6772c-f0e1-407e-81a5-7cabfb921c6e}</UniqueIdentifier>
    </Filter>
    <Filter Include="Source Files\sound">
      <UniqueIdentifier>{64af1e69-3a37-4ebe-8d9b-010d823ee827}</UniqueIdentifier>
    </Filter>
    <Filter Include="Header Files\scene">
      <UniqueIdentifier>{8d67acdf-53c6-4f3d-a71d-4e773fe4115b}</UniqueIdentifier>
    </Filter>
    <Filter Include="Private Header Files\sound">
      <UniqueIdentifier>{3703a006-dba6-49bb-8fdd-83fbcd85b25f}</UniqueIdentifier>
    </Filter>
    <Filter Include="Generated Source Files">
      <UniqueIdentifier>{7e4db4c6-eb42-4b84-b34c-844befffb90c}</UniqueIdentifier>
    </Filter>
    <Filter Include="Source Files\gui">
      <UniqueIdentifier>{9129b2ab-abf3-481c-aa66-584b3297f853}</UniqueIdentifier>
    </Filter>
    <Filter Include="Private Header Files\gui">
      <UniqueIdentifier>{c4e15bc0-30e4-4b96-b6ae-fd67f20c905c}</UniqueIdentifier>
    </Filter>
    <Filter Include="Header Files\gui">
      <UniqueIdentifier>{3f6862d5-e408-4b06-9abc-fd8135802363}</UniqueIdentifier>
    </Filter>
    <Filter Include="Source Files\asset">
      <UniqueIdentifier>{ae4660ef-e147-4774-bfff-e464e44438d4}</UniqueIdentifier>
    </Filter>
    <Filter Include="Header Files\ecs">
      <UniqueIdentifier>{5d5c2a93-d711-48d2-bfa2-fb740858e2d9}</UniqueIdentifier>
    </Filter>
    <Filter Include="Source Files\ecs">
      <UniqueIdentifier>{b45f2f86-bd9d-4042-bcbc-5bd77b8f72ae}</UniqueIdentifier>
    </Filter>
    <Filter Include="Private Header Files\ecs">
      <UniqueIdentifier>{ee66d943-f1fc-4606-9bdd-0d30510a591f}</UniqueIdentifier>
    </Filter>
  </ItemGroup>
  <ItemGroup>
    <ClCompile Include="..\..\src\engine\engine.c">
      <Filter>Source Files</Filter>
    </ClCompile>
    <ClCompile Include="..\..\src\engine\input.c">
      <Filter>Source Files</Filter>
    </ClCompile>
    <ClCompile Include="..\..\src\engine\scene\scene.c">
      <Filter>Source Files\scene</Filter>
    </ClCompile>
    <ClCompile Include="..\..\src\engine\win32\engine_win32.c">
      <Filter>Source Files\win32</Filter>
    </ClCompile>
    <ClCompile Include="..\..\src\engine\win32\input_win32.c">
      <Filter>Source Files\win32</Filter>
    </ClCompile>
    <ClCompile Include="..\..\src\engine\win32\window_win32.c">
      <Filter>Source Files\win32</Filter>
    </ClCompile>
    <ClCompile Include="..\..\src\engine\graphics\graphics.c">
      <Filter>Source Files\graphics</Filter>
    </ClCompile>
    <ClCompile Include="..\..\src\engine\sound\sound.c">
      <Filter>Source Files\sound</Filter>
    </ClCompile>
    <ClCompile Include="..\..\src\engine\resource.c">
      <Filter>Source Files</Filter>
    </ClCompile>
    <ClCompile Include="..\..\src\engine\scene\octree.c">
      <Filter>Source Files\scene</Filter>
    </ClCompile>
    <ClCompile Include="..\..\src\engine\sound\sound_clip.c">
      <Filter>Source Files\sound</Filter>
    </ClCompile>
    <ClCompile Include="..\..\src\engine\sound\sound_src.c">
      <Filter>Source Files\sound</Filter>
    </ClCompile>
    <ClCompile Include="..\..\src\engine\scene\frustum.c">
      <Filter>Source Files\scene</Filter>
    </ClCompile>
    <ClCompile Include="..\..\src\engine\scene\bounds.c">
      <Filter>Source Files\scene</Filter>
    </ClCompile>
    <ClCompile Include="..\..\src\engine\scene\camera.c">
      <Filter>Source Files\scene</Filter>
    </ClCompile>
    <ClCompile Include="..\..\src\engine\application.c">
      <Filter>Source Files</Filter>
    </ClCompile>
    <ClCompile Include="..\..\build\NekoEngine\ecs_engine.c">
      <Filter>Generated Source Files</Filter>
    </ClCompile>
    <ClCompile Include="..\..\src\engine\gui\gui.c">
      <Filter>Source Files\gui</Filter>
    </ClCompile>
    <ClCompile Include="..\..\src\engine\gui\widget.c">
      <Filter>Source Files\gui</Filter>
    </ClCompile>
    <ClCompile Include="..\..\src\engine\event.c">
      <Filter>Source Files</Filter>
    </ClCompile>
    <ClCompile Include="..\..\src\engine\io.c">
      <Filter>Source Files</Filter>
    </ClCompile>
    <ClCompile Include="..\..\src\engine\json.c">
      <Filter>Source Files</Filter>
    </ClCompile>
    <ClCompile Include="..\..\src\engine\graphics\texture.c">
      <Filter>Source Files\graphics</Filter>
    </ClCompile>
    <ClCompile Include="..\..\src\engine\asset\dds.c">
      <Filter>Source Files\asset</Filter>
    </ClCompile>
    <ClCompile Include="..\..\src\engine\task.c">
      <Filter>Source Files</Filter>
    </ClCompile>
    <ClCompile Include="..\..\src\engine\asset\png.c">
      <Filter>Source Files\asset</Filter>
    </ClCompile>
    <ClCompile Include="..\..\src\engine\asset\tga.c">
      <Filter>Source Files\asset</Filter>
    </ClCompile>
    <ClCompile Include="..\..\src\engine\ecs\component.c">
      <Filter>Source Files\ecs</Filter>
    </ClCompile>
    <ClCompile Include="..\..\src\engine\ecs\ecsys.c">
      <Filter>Source Files\ecs</Filter>
    </ClCompile>
    <ClCompile Include="..\..\src\engine\ecs\entity.c">
      <Filter>Source Files\ecs</Filter>
    </ClCompile>
    <ClCompile Include="..\..\src\engine\gui\font.c">
      <Filter>Source Files\gui</Filter>
    </ClCompile>
    <ClCompile Include="..\..\src\engine\asset\nmesh.c">
      <Filter>Source Files\asset</Filter>
    </ClCompile>
    <ClCompile Include="..\..\src\engine\graphics\material.c">
      <Filter>Source Files\graphics</Filter>
    </ClCompile>
    <ClCompile Include="..\..\src\engine\graphics\mesh.c">
      <Filter>Source Files\graphics</Filter>
    </ClCompile>
    <ClCompile Include="..\..\src\engine\graphics\nullgfx.c">
      <Filter>Source Files\graphics</Filter>
    </ClCompile>
    <ClCompile Include="..\..\src\engine\asset\meta.c">
      <Filter>Source Files\asset</Filter>
    </ClCompile>
    <ClCompile Include="..\..\src\engine\graphics\primitive.c">
      <Filter>Source Files\graphics</Filter>
    </ClCompile>
    <ClCompile Include="..\..\build\NekoEngine\engine_res.c">
      <Filter>Generated Source Files</Filter>
    </ClCompile>
  </ItemGroup>
  <ItemGroup>
    <ClInclude Include="..\..\include\engine\engine.h">
      <Filter>Header Files\engine</Filter>
    </ClInclude>
    <ClInclude Include="..\..\include\engine\status.h">
      <Filter>Header Files\engine</Filter>
    </ClInclude>
    <ClInclude Include="..\..\include\graphics\graphics.h">
      <Filter>Header Files\graphics</Filter>
    </ClInclude>
    <ClInclude Include="..\..\src\include\graphics\debug.h">
      <Filter>Private Header Files\graphics</Filter>
    </ClInclude>
    <ClInclude Include="..\..\include\engine\input.h">
      <Filter>Header Files\engine</Filter>
    </ClInclude>
    <ClInclude Include="..\..\include\engine\keycodes.h">
      <Filter>Header Files\engine</Filter>
    </ClInclude>
    <ClInclude Include="..\..\src\include\engine\window.h">
      <Filter>Private Header Files\engine</Filter>
    </ClInclude>
    <ClInclude Include="..\..\include\sound\sound.h">
      <Filter>Header Files\sound</Filter>
    </ClInclude>
    <ClInclude Include="..\..\include\engine\resource.h">
      <Filter>Header Files\engine</Filter>
    </ClInclude>
    <ClInclude Include="..\..\include\graphics\drawable.h">
      <Filter>Header Files\graphics</Filter>
    </ClInclude>
    <ClInclude Include="..\..\include\graphics\material.h">
      <Filter>Header Files\graphics</Filter>
    </ClInclude>
    <ClInclude Include="..\..\include\scene\scene.h">
      <Filter>Header Files\scene</Filter>
    </ClInclude>
    <ClInclude Include="..\..\include\scene\octree.h">
      <Filter>Header Files\scene</Filter>
    </ClInclude>
    <ClInclude Include="..\..\include\engine\math.h">
      <Filter>Header Files\engine</Filter>
    </ClInclude>
    <ClInclude Include="..\..\include\graphics\texture.h">
      <Filter>Header Files\graphics</Filter>
    </ClInclude>
    <ClInclude Include="..\..\include\graphics\shader.h">
      <Filter>Header Files\graphics</Filter>
    </ClInclude>
    <ClInclude Include="..\..\include\sound\sound_clip.h">
      <Filter>Header Files\sound</Filter>
    </ClInclude>
    <ClInclude Include="..\..\include\sound\sound_src.h">
      <Filter>Header Files\sound</Filter>
    </ClInclude>
    <ClInclude Include="..\..\src\include\sound\sound_defs.h">
      <Filter>Private Header Files\sound</Filter>
    </ClInclude>
    <ClInclude Include="..\..\include\graphics\buffer.h">
      <Filter>Header Files\graphics</Filter>
    </ClInclude>
    <ClInclude Include="..\..\include\scene\bounds.h">
      <Filter>Header Files\scene</Filter>
    </ClInclude>
    <ClInclude Include="..\..\include\scene\camera.h">
      <Filter>Header Files\scene</Filter>
    </ClInclude>
    <ClInclude Include="..\..\include\scene\frustum.h">
      <Filter>Header Files\scene</Filter>
    </ClInclude>
    <ClInclude Include="..\..\src\include\gui\gui_internal.h">
      <Filter>Private Header Files\gui</Filter>
    </ClInclude>
    <ClInclude Include="..\..\include\gui\gui.h">
      <Filter>Header Files\gui</Filter>
    </ClInclude>
    <ClInclude Include="..\..\include\gui\guidefs.h">
      <Filter>Header Files\gui</Filter>
    </ClInclude>
    <ClInclude Include="..\..\include\gui\widget.h">
      <Filter>Header Files\gui</Filter>
    </ClInclude>
    <ClInclude Include="..\..\include\engine\event.h">
      <Filter>Header Files\engine</Filter>
    </ClInclude>
    <ClInclude Include="..\..\include\engine\io.h">
      <Filter>Header Files\engine</Filter>
    </ClInclude>
    <ClInclude Include="..\..\include\engine\json.h">
      <Filter>Header Files\engine</Filter>
    </ClInclude>
    <ClInclude Include="..\..\include\engine\asset.h">
      <Filter>Header Files\engine</Filter>
    </ClInclude>
    <ClInclude Include="..\..\include\engine\application.h">
      <Filter>Header Files\engine</Filter>
    </ClInclude>
    <ClInclude Include="..\..\include\engine\components.h">
      <Filter>Header Files\engine</Filter>
    </ClInclude>
    <ClInclude Include="..\..\include\engine\version.h">
      <Filter>Header Files\engine</Filter>
    </ClInclude>
    <ClInclude Include="..\..\include\engine\task.h">
      <Filter>Header Files\engine</Filter>
    </ClInclude>
    <ClInclude Include="..\..\include\ecs\component.h">
      <Filter>Header Files\ecs</Filter>
    </ClInclude>
    <ClInclude Include="..\..\include\ecs\ecsdefs.h">
      <Filter>Header Files\ecs</Filter>
    </ClInclude>
    <ClInclude Include="..\..\include\ecs\ecsys.h">
      <Filter>Header Files\ecs</Filter>
    </ClInclude>
    <ClInclude Include="..\..\include\ecs\entity.h">
      <Filter>Header Files\ecs</Filter>
    </ClInclude>
    <ClInclude Include="..\..\src\include\ecs\ecsys_internal.h">
      <Filter>Private Header Files\ecs</Filter>
    </ClInclude>
    <ClInclude Include="..\..\include\scene\mesh.h">
      <Filter>Header Files\scene</Filter>
    </ClInclude>
    <ClInclude Include="..\..\src\engine\win32\resource.h">
      <Filter>Source Files\win32</Filter>
    </ClInclude>
    <ClInclude Include="..\..\include\graphics\primitive.h">
      <Filter>Header Files\graphics</Filter>
    </ClInclude>
    <ClInclude Include="..\..\include\graphics\mesh.h">
      <Filter>Header Files\graphics</Filter>
    </ClInclude>
  </ItemGroup>
  <ItemGroup>
    <None Include="NekoEngine.def">
      <Filter>Source Files</Filter>
    </None>
  </ItemGroup>
  <ItemGroup>
    <ResourceCompile Include="..\..\src\engine\win32\NekoEngine.rc">
      <Filter>Resource Files</Filter>
    </ResourceCompile>
  </ItemGroup>
</Project>