<?xml version="1.0" encoding="utf-8"?>
<Project ToolsVersion="4.0" xmlns="http://schemas.microsoft.com/developer/msbuild/2003">
  <ItemGroup>
    <Filter Include="Source Files">
      <UniqueIdentifier>{4FC737F1-C7A5-4376-A066-2A32D752A2FF}</UniqueIdentifier>
      <Extensions>cpp;c;cc;cxx;c++;def;odl;idl;hpj;bat;asm;asmx</Extensions>
    </Filter>
    <Filter Include="Header Files">
      <UniqueIdentifier>{93995380-89BD-4b04-88EB-625FBE52EBFB}</UniqueIdentifier>
      <Extensions>h;hh;hpp;hxx;h++;hm;inl;inc;ipp;xsd</Extensions>
    </Filter>
    <Filter Include="Resource Files">
      <UniqueIdentifier>{67DA6AB6-F800-4c08-8B7A-83BB121AAD01}</UniqueIdentifier>
      <Extensions>rc;ico;cur;bmp;dlg;rc2;rct;bin;rgs;gif;jpg;jpeg;jpe;resx;tiff;tif;png;wav;mfcribbon-ms</Extensions>
    </Filter>
    <Filter Include="Header Files\System">
      <UniqueIdentifier>{54147db7-040c-42d2-88c8-5da0c7eabdfd}</UniqueIdentifier>
    </Filter>
    <Filter Include="Header Files\Render">
      <UniqueIdentifier>{d64858c7-8c2f-478e-bc51-18f26ad00713}</UniqueIdentifier>
    </Filter>
    <Filter Include="Header Files\Scene">
      <UniqueIdentifier>{f0efa107-0794-4031-a7c4-04f971b3fe46}</UniqueIdentifier>
    </Filter>
    <Filter Include="Source Files\Scene">
      <UniqueIdentifier>{443c832d-2b16-428e-aaac-188931ee294c}</UniqueIdentifier>
    </Filter>
    <Filter Include="Source Files\System">
      <UniqueIdentifier>{ab7766ad-2471-411b-b567-546d4af7f9c4}</UniqueIdentifier>
    </Filter>
    <Filter Include="Header Files\Engine">
      <UniqueIdentifier>{b3560a4e-9473-43a2-ab97-8f75b95f4cc0}</UniqueIdentifier>
    </Filter>
    <Filter Include="Source Files\Engine">
      <UniqueIdentifier>{f2372859-f130-45c9-88f1-7e7faf93f1fd}</UniqueIdentifier>
    </Filter>
    <Filter Include="Header Files\Runtime">
      <UniqueIdentifier>{f4b34829-854a-46d2-8f21-57be7697cb7a}</UniqueIdentifier>
    </Filter>
    <Filter Include="Header Files\Audio">
      <UniqueIdentifier>{3aa74528-bed2-4381-b56e-2d5af67ea803}</UniqueIdentifier>
    </Filter>
    <Filter Include="Source Files\Audio">
      <UniqueIdentifier>{1a12bd1f-89dc-4817-be95-0ede26fe9788}</UniqueIdentifier>
    </Filter>
    <Filter Include="Source Files\Deps">
      <UniqueIdentifier>{913f5e35-417f-4304-8ff6-b34d2edc044f}</UniqueIdentifier>
    </Filter>
    <Filter Include="Source Files\Deps\PhysFS">
      <UniqueIdentifier>{68a45ed8-e7d6-4787-97d0-f8693aa836f6}</UniqueIdentifier>
    </Filter>
    <Filter Include="Source Files\System\Compat">
      <UniqueIdentifier>{8e8d240a-69c2-4de5-9f53-007816b4d5d9}</UniqueIdentifier>
    </Filter>
    <Filter Include="Source Files\Asset">
      <UniqueIdentifier>{3bd15963-3341-41ce-958a-14c1d0a9efef}</UniqueIdentifier>
    </Filter>
    <Filter Include="Source Files\Render">
      <UniqueIdentifier>{1c32c2a1-64c6-47d9-b21e-46e72dba1cb9}</UniqueIdentifier>
    </Filter>
    <Filter Include="Header Files\Math">
      <UniqueIdentifier>{f089b281-775b-48d5-8698-e124689b100f}</UniqueIdentifier>
    </Filter>
    <Filter Include="Header Files\Math\sse">
      <UniqueIdentifier>{bd1cc43a-a0f4-4ec1-a2cc-7c9f0d693a55}</UniqueIdentifier>
    </Filter>
    <Filter Include="Header Files\Input">
      <UniqueIdentifier>{46feef23-b0c5-4ae0-aa7b-3f51e6634523}</UniqueIdentifier>
    </Filter>
    <Filter Include="Source Files\Input">
      <UniqueIdentifier>{bac4ab21-53bd-4c34-8953-ed921e000a0b}</UniqueIdentifier>
    </Filter>
    <Filter Include="Source Files\Script">
      <UniqueIdentifier>{dd9179ab-4cf8-48e5-8ba8-c79a83f96c10}</UniqueIdentifier>
    </Filter>
    <Filter Include="Header Files\Script">
      <UniqueIdentifier>{54e11074-831c-4569-9070-1559f052a372}</UniqueIdentifier>
    </Filter>
    <Filter Include="Source Files\UI">
      <UniqueIdentifier>{f8289a22-8e3d-4ad2-8f5b-433c9da7cbf1}</UniqueIdentifier>
    </Filter>
    <Filter Include="Header Files\UI">
      <UniqueIdentifier>{c361f585-216c-4826-b42d-597210712e8b}</UniqueIdentifier>
    </Filter>
    <Filter Include="Header Files\Math\altivec">
      <UniqueIdentifier>{12b5fe55-f362-4a8c-aee0-036feef8a3a2}</UniqueIdentifier>
    </Filter>
    <Filter Include="Header Files\Math\neon">
      <UniqueIdentifier>{6f7c8891-19c4-4717-aaee-06f90f88eefb}</UniqueIdentifier>
    </Filter>
    <Filter Include="Source Files\Deps\Lua">
      <UniqueIdentifier>{566e4675-9095-4403-a72f-11a929c7ae3a}</UniqueIdentifier>
    </Filter>
    <Filter Include="Source Files\Platform">
      <UniqueIdentifier>{e9afc5ab-56db-4f11-9633-c329f46ce180}</UniqueIdentifier>
    </Filter>
    <Filter Include="Source Files\Platform\Compat">
      <UniqueIdentifier>{b9897578-dcbb-4891-b8d9-cc7cbed3f392}</UniqueIdentifier>
    </Filter>
    <Filter Include="Header Files\Render\Graph">
      <UniqueIdentifier>{63ef7c67-fbdd-4c68-8769-6c6b0b3e2098}</UniqueIdentifier>
    </Filter>
    <Filter Include="Header Files\Render\Driver">
      <UniqueIdentifier>{be849537-2896-421d-8261-40cdf33e34e1}</UniqueIdentifier>
    </Filter>
    <Filter Include="Source Files\Render\Driver">
      <UniqueIdentifier>{111cfef9-0150-40bb-af27-51629c0e2882}</UniqueIdentifier>
    </Filter>
    <Filter Include="Source Files\Render\Graph">
      <UniqueIdentifier>{c3e7f9ab-45d3-4569-8e49-5eb3410ea621}</UniqueIdentifier>
    </Filter>
    <Filter Include="Source Files\Render\Pass">
      <UniqueIdentifier>{47b0f0d4-ac1d-4f9f-b22c-79722f5e6a89}</UniqueIdentifier>
    </Filter>
    <Filter Include="Header Files\Render\Components">
      <UniqueIdentifier>{440ccbb9-dc58-4f3e-9947-79bfa91e0900}</UniqueIdentifier>
    </Filter>
    <Filter Include="Source Files\Render\Components">
      <UniqueIdentifier>{a051034a-1b2f-401c-ae89-e38bf8808dd3}</UniqueIdentifier>
    </Filter>
    <Filter Include="Header Files\Animation">
      <UniqueIdentifier>{67a7d7f7-0c2f-483f-b410-6dc784ded28f}</UniqueIdentifier>
    </Filter>
    <Filter Include="Source Files\Animation">
      <UniqueIdentifier>{d5139749-6a79-483a-8104-81e3f0f9d926}</UniqueIdentifier>
    </Filter>
  </ItemGroup>
  <ItemGroup>
    <ClInclude Include="..\Include\System\System.h">
      <Filter>Header Files\System</Filter>
    </ClInclude>
    <ClInclude Include="..\Include\Render\Render.h">
      <Filter>Header Files\Render</Filter>
    </ClInclude>
    <ClInclude Include="..\Include\Render\Material.h">
      <Filter>Header Files\Render</Filter>
    </ClInclude>
    <ClInclude Include="..\Include\Engine\Engine.h">
      <Filter>Header Files\Engine</Filter>
    </ClInclude>
    <ClInclude Include="..\Include\System\Window.h">
      <Filter>Header Files\System</Filter>
    </ClInclude>
    <ClInclude Include="..\Include\Runtime\Array.h">
      <Filter>Header Files\Runtime</Filter>
    </ClInclude>
    <ClInclude Include="..\Include\Engine\Job.h">
      <Filter>Header Files\Engine</Filter>
    </ClInclude>
    <ClInclude Include="..\Include\Audio\Audio.h">
      <Filter>Header Files\Audio</Filter>
    </ClInclude>
    <ClInclude Include="..\Include\Audio\Source.h">
      <Filter>Header Files\Audio</Filter>
    </ClInclude>
    <ClInclude Include="..\Include\Audio\Clip.h">
      <Filter>Header Files\Audio</Filter>
    </ClInclude>
    <ClInclude Include="..\Include\Engine\Entity.h">
      <Filter>Header Files\Engine</Filter>
    </ClInclude>
    <ClInclude Include="..\Include\Engine\Component.h">
      <Filter>Header Files\Engine</Filter>
    </ClInclude>
    <ClInclude Include="..\Include\Engine\ECSystem.h">
      <Filter>Header Files\Engine</Filter>
    </ClInclude>
    <ClInclude Include="..\Include\Engine\Types.h">
      <Filter>Header Files\Engine</Filter>
    </ClInclude>
    <ClInclude Include="..\Include\Runtime\Runtime.h">
      <Filter>Header Files\Runtime</Filter>
    </ClInclude>
    <ClInclude Include="..\Include\Runtime\RtDefs.h">
      <Filter>Header Files\Runtime</Filter>
    </ClInclude>
    <ClInclude Include="..\Include\System\Log.h">
      <Filter>Header Files\System</Filter>
    </ClInclude>
    <ClInclude Include="..\Include\Engine\Resource.h">
      <Filter>Header Files\Engine</Filter>
    </ClInclude>
    <ClInclude Include="..\Include\Engine\IO.h">
      <Filter>Header Files\Engine</Filter>
    </ClInclude>
    <ClInclude Include="..\Include\Scene\Scene.h">
      <Filter>Header Files\Scene</Filter>
    </ClInclude>
    <ClInclude Include="..\Include\Engine\Asset.h">
      <Filter>Header Files\Engine</Filter>
    </ClInclude>
    <ClInclude Include="Engine\ECS.h">
      <Filter>Source Files\Engine</Filter>
    </ClInclude>
    <ClInclude Include="..\Include\Engine\Application.h">
      <Filter>Header Files\Engine</Filter>
    </ClInclude>
    <ClInclude Include="..\Include\Math\Math.h">
      <Filter>Header Files\Math</Filter>
    </ClInclude>
    <ClInclude Include="..\Include\Scene\Transform.h">
      <Filter>Header Files\Scene</Filter>
    </ClInclude>
    <ClInclude Include="..\Include\Scene\Components.h">
      <Filter>Header Files\Scene</Filter>
    </ClInclude>
    <ClInclude Include="..\Include\Math\aabb2.h">
      <Filter>Header Files\Math</Filter>
    </ClInclude>
    <ClInclude Include="..\Include\Math\aabb3.h">
      <Filter>Header Files\Math</Filter>
    </ClInclude>
    <ClInclude Include="..\Include\Math\debug.h">
      <Filter>Header Files\Math</Filter>
    </ClInclude>
    <ClInclude Include="..\Include\Math\defs.h">
      <Filter>Header Files\Math</Filter>
    </ClInclude>
    <ClInclude Include="..\Include\Math\func.h">
      <Filter>Header Files\Math</Filter>
    </ClInclude>
    <ClInclude Include="..\Include\Math\mat3.h">
      <Filter>Header Files\Math</Filter>
    </ClInclude>
    <ClInclude Include="..\Include\Math\mat4.h">
      <Filter>Header Files\Math</Filter>
    </ClInclude>
    <ClInclude Include="..\Include\Math\plane.h">
      <Filter>Header Files\Math</Filter>
    </ClInclude>
    <ClInclude Include="..\Include\Math\quat.h">
      <Filter>Header Files\Math</Filter>
    </ClInclude>
    <ClInclude Include="..\Include\Math\ray2.h">
      <Filter>Header Files\Math</Filter>
    </ClInclude>
    <ClInclude Include="..\Include\Math\ray3.h">
      <Filter>Header Files\Math</Filter>
    </ClInclude>
    <ClInclude Include="..\Include\Math\vec2.h">
      <Filter>Header Files\Math</Filter>
    </ClInclude>
    <ClInclude Include="..\Include\Math\vec3.h">
      <Filter>Header Files\Math</Filter>
    </ClInclude>
    <ClInclude Include="..\Include\Math\vec4.h">
      <Filter>Header Files\Math</Filter>
    </ClInclude>
    <ClInclude Include="..\Include\Math\sse\mat4_sse.h">
      <Filter>Header Files\Math\sse</Filter>
    </ClInclude>
    <ClInclude Include="..\Include\Math\sse\vec4_sse.h">
      <Filter>Header Files\Math\sse</Filter>
    </ClInclude>
    <ClInclude Include="..\Include\System\AtomicLock.h">
      <Filter>Header Files\System</Filter>
    </ClInclude>
    <ClInclude Include="..\Include\System\Memory.h">
      <Filter>Header Files\System</Filter>
    </ClInclude>
    <ClInclude Include="..\Include\Engine\Config.h">
      <Filter>Header Files\Engine</Filter>
    </ClInclude>
    <ClInclude Include="..\Include\Scene\Camera.h">
      <Filter>Header Files\Scene</Filter>
    </ClInclude>
    <ClInclude Include="..\Include\Scene\Sky.h">
      <Filter>Header Files\Scene</Filter>
    </ClInclude>
    <ClInclude Include="..\Include\Scene\Systems.h">
      <Filter>Header Files\Scene</Filter>
    </ClInclude>
    <ClInclude Include="..\Include\Input\Input.h">
      <Filter>Header Files\Input</Filter>
    </ClInclude>
    <ClInclude Include="..\Include\System\Endian.h">
      <Filter>Header Files\System</Filter>
    </ClInclude>
    <ClInclude Include="..\Include\Input\Codes.h">
      <Filter>Header Files\Input</Filter>
    </ClInclude>
    <ClInclude Include="..\Include\Engine\Version.h">
      <Filter>Header Files\Engine</Filter>
    </ClInclude>
    <ClInclude Include="..\Include\Engine\Event.h">
      <Filter>Header Files\Engine</Filter>
    </ClInclude>
    <ClInclude Include="..\Include\Script\Script.h">
      <Filter>Header Files\Script</Filter>
    </ClInclude>
    <ClInclude Include="..\Include\Scene\ScriptHost.h">
      <Filter>Header Files\Scene</Filter>
    </ClInclude>
    <ClInclude Include="..\Include\UI\UI.h">
      <Filter>Header Files\UI</Filter>
    </ClInclude>
    <ClInclude Include="..\Include\UI\Text.h">
      <Filter>Header Files\UI</Filter>
    </ClInclude>
    <ClInclude Include="..\Include\Engine\Events.h">
      <Filter>Header Files\Engine</Filter>
    </ClInclude>
    <ClInclude Include="..\Include\UI\Font.h">
      <Filter>Header Files\UI</Filter>
    </ClInclude>
    <ClInclude Include="..\Include\Math\neon\mat4_neon.h">
      <Filter>Header Files\Math\neon</Filter>
    </ClInclude>
    <ClInclude Include="..\Include\Math\neon\vec4_neon.h">
      <Filter>Header Files\Math\neon</Filter>
    </ClInclude>
    <ClInclude Include="..\Include\Math\altivec\mat4_altivec.h">
      <Filter>Header Files\Math\altivec</Filter>
    </ClInclude>
    <ClInclude Include="..\Include\Math\altivec\vec4_altivec.h">
      <Filter>Header Files\Math\altivec</Filter>
    </ClInclude>
    <ClInclude Include="..\Deps\Lua\lapi.h">
      <Filter>Source Files\Deps\Lua</Filter>
    </ClInclude>
    <ClInclude Include="..\Deps\Lua\lauxlib.h">
      <Filter>Source Files\Deps\Lua</Filter>
    </ClInclude>
    <ClInclude Include="..\Deps\Lua\lcode.h">
      <Filter>Source Files\Deps\Lua</Filter>
    </ClInclude>
    <ClInclude Include="..\Deps\Lua\lctype.h">
      <Filter>Source Files\Deps\Lua</Filter>
    </ClInclude>
    <ClInclude Include="..\Deps\Lua\ldebug.h">
      <Filter>Source Files\Deps\Lua</Filter>
    </ClInclude>
    <ClInclude Include="..\Deps\Lua\ldo.h">
      <Filter>Source Files\Deps\Lua</Filter>
    </ClInclude>
    <ClInclude Include="..\Deps\Lua\lfunc.h">
      <Filter>Source Files\Deps\Lua</Filter>
    </ClInclude>
    <ClInclude Include="..\Deps\Lua\lgc.h">
      <Filter>Source Files\Deps\Lua</Filter>
    </ClInclude>
    <ClInclude Include="..\Deps\Lua\ljumptab.h">
      <Filter>Source Files\Deps\Lua</Filter>
    </ClInclude>
    <ClInclude Include="..\Deps\Lua\llex.h">
      <Filter>Source Files\Deps\Lua</Filter>
    </ClInclude>
    <ClInclude Include="..\Deps\Lua\llimits.h">
      <Filter>Source Files\Deps\Lua</Filter>
    </ClInclude>
    <ClInclude Include="..\Deps\Lua\lmem.h">
      <Filter>Source Files\Deps\Lua</Filter>
    </ClInclude>
    <ClInclude Include="..\Deps\Lua\lobject.h">
      <Filter>Source Files\Deps\Lua</Filter>
    </ClInclude>
    <ClInclude Include="..\Deps\Lua\lopcodes.h">
      <Filter>Source Files\Deps\Lua</Filter>
    </ClInclude>
    <ClInclude Include="..\Deps\Lua\lopnames.h">
      <Filter>Source Files\Deps\Lua</Filter>
    </ClInclude>
    <ClInclude Include="..\Deps\Lua\lparser.h">
      <Filter>Source Files\Deps\Lua</Filter>
    </ClInclude>
    <ClInclude Include="..\Deps\Lua\lprefix.h">
      <Filter>Source Files\Deps\Lua</Filter>
    </ClInclude>
    <ClInclude Include="..\Deps\Lua\lstate.h">
      <Filter>Source Files\Deps\Lua</Filter>
    </ClInclude>
    <ClInclude Include="..\Deps\Lua\lstring.h">
      <Filter>Source Files\Deps\Lua</Filter>
    </ClInclude>
    <ClInclude Include="..\Deps\Lua\ltable.h">
      <Filter>Source Files\Deps\Lua</Filter>
    </ClInclude>
    <ClInclude Include="..\Deps\Lua\ltm.h">
      <Filter>Source Files\Deps\Lua</Filter>
    </ClInclude>
    <ClInclude Include="..\Deps\Lua\lua.h">
      <Filter>Source Files\Deps\Lua</Filter>
    </ClInclude>
    <ClInclude Include="..\Deps\Lua\luaconf.h">
      <Filter>Source Files\Deps\Lua</Filter>
    </ClInclude>
    <ClInclude Include="..\Deps\Lua\lualib.h">
      <Filter>Source Files\Deps\Lua</Filter>
    </ClInclude>
    <ClInclude Include="..\Deps\Lua\lundump.h">
      <Filter>Source Files\Deps\Lua</Filter>
    </ClInclude>
    <ClInclude Include="..\Deps\Lua\lvm.h">
      <Filter>Source Files\Deps\Lua</Filter>
    </ClInclude>
    <ClInclude Include="..\Deps\Lua\lzio.h">
      <Filter>Source Files\Deps\Lua</Filter>
    </ClInclude>
    <ClInclude Include="..\Include\Math\sanity.h">
      <Filter>Header Files\Math</Filter>
    </ClInclude>
    <ClInclude Include="..\Include\System\Thread.h">
      <Filter>Header Files\System</Filter>
    </ClInclude>
    <ClInclude Include="..\Platform\Win32\Win32Platform.h">
      <Filter>Source Files\Platform</Filter>
    </ClInclude>
    <ClInclude Include="..\Platform\Win32\Compat\stdatomic.h">
      <Filter>Source Files\Platform\Compat</Filter>
    </ClInclude>
    <ClInclude Include="..\Include\Render\Model.h">
      <Filter>Header Files\Render</Filter>
    </ClInclude>
    <ClInclude Include="..\Include\Runtime\Queue.h">
      <Filter>Header Files\Runtime</Filter>
    </ClInclude>
    <ClInclude Include="Script\Interface.h">
      <Filter>Source Files\Script</Filter>
    </ClInclude>
    <ClInclude Include="..\Include\Audio\Driver.h">
      <Filter>Header Files\Audio</Filter>
    </ClInclude>
    <ClInclude Include="..\Include\Audio\Device.h">
      <Filter>Header Files\Audio</Filter>
    </ClInclude>
    <ClInclude Include="..\Include\Render\Types.h">
      <Filter>Header Files\Render</Filter>
    </ClInclude>
    <ClInclude Include="..\Include\Render\Graph\Pass.h">
      <Filter>Header Files\Render\Graph</Filter>
    </ClInclude>
    <ClInclude Include="..\Include\Render\Graph\Graph.h">
      <Filter>Header Files\Render\Graph</Filter>
    </ClInclude>
    <ClInclude Include="..\Include\Render\DestroyResource.h">
      <Filter>Header Files\Render</Filter>
    </ClInclude>
    <ClInclude Include="..\Include\Render\Driver\Driver.h">
      <Filter>Header Files\Render\Driver</Filter>
    </ClInclude>
    <ClInclude Include="..\Include\Render\Driver\Context.h">
      <Filter>Header Files\Render\Driver</Filter>
    </ClInclude>
    <ClInclude Include="..\Include\Render\Driver\Core.h">
      <Filter>Header Files\Render\Driver</Filter>
    </ClInclude>
    <ClInclude Include="..\Include\Render\Driver\Device.h">
      <Filter>Header Files\Render\Driver</Filter>
    </ClInclude>
    <ClInclude Include="..\Include\Render\Driver\RayTracing.h">
      <Filter>Header Files\Render\Driver</Filter>
    </ClInclude>
    <ClInclude Include="..\Include\Render\Driver\TransientResources.h">
      <Filter>Header Files\Render\Driver</Filter>
    </ClInclude>
    <ClInclude Include="..\Include\Render\Driver\RenderPassDesc.h">
      <Filter>Header Files\Render\Driver</Filter>
    </ClInclude>
    <ClInclude Include="..\Include\Render\Components\ModelRender.h">
      <Filter>Header Files\Render\Components</Filter>
    </ClInclude>
    <ClInclude Include="..\Include\Render\Systems.h">
      <Filter>Header Files\Render</Filter>
    </ClInclude>
    <ClInclude Include="..\Include\Animation\Animation.h">
      <Filter>Header Files\Animation</Filter>
    </ClInclude>
    <ClInclude Include="..\Include\Animation\Clip.h">
      <Filter>Header Files\Animation</Filter>
    </ClInclude>
    <ClInclude Include="..\Include\Animation\Skeleton.h">
      <Filter>Header Files\Animation</Filter>
    </ClInclude>
    <ClInclude Include="..\Include\Animation\Animator.h">
      <Filter>Header Files\Animation</Filter>
    </ClInclude>
    <ClInclude Include="UI\Internal.h">
      <Filter>Source Files\UI</Filter>
    </ClInclude>
    <ClInclude Include="..\Include\System\PlatformDetect.h">
      <Filter>Header Files\System</Filter>
    </ClInclude>
    <ClInclude Include="..\Deps\PhysFS\physfs.h">
      <Filter>Source Files\Deps\PhysFS</Filter>
    </ClInclude>
    <ClInclude Include="..\Deps\PhysFS\physfs_casefolding.h">
      <Filter>Source Files\Deps\PhysFS</Filter>
    </ClInclude>
    <ClInclude Include="..\Deps\PhysFS\physfs_internal.h">
      <Filter>Source Files\Deps\PhysFS</Filter>
    </ClInclude>
    <ClInclude Include="..\Deps\PhysFS\physfs_lzmasdk.h">
      <Filter>Source Files\Deps\PhysFS</Filter>
    </ClInclude>
    <ClInclude Include="..\Deps\PhysFS\physfs_miniz.h">
      <Filter>Source Files\Deps\PhysFS</Filter>
    </ClInclude>
    <ClInclude Include="..\Deps\PhysFS\physfs_platforms.h">
      <Filter>Source Files\Deps\PhysFS</Filter>
    </ClInclude>
    <ClInclude Include="..\Include\Scene\Light.h">
      <Filter>Header Files\Scene</Filter>
    </ClInclude>
  </ItemGroup>
  <ItemGroup>
    <ClCompile Include="System\System.c">
      <Filter>Source Files\System</Filter>
    </ClCompile>
    <ClCompile Include="Engine\Engine.c">
      <Filter>Source Files\Engine</Filter>
    </ClCompile>
    <ClCompile Include="Engine\Entity.c">
      <Filter>Source Files\Engine</Filter>
    </ClCompile>
    <ClCompile Include="Engine\Component.c">
      <Filter>Source Files\Engine</Filter>
    </ClCompile>
    <ClCompile Include="Engine\ECSystem.c">
      <Filter>Source Files\Engine</Filter>
    </ClCompile>
    <ClCompile Include="System\Log.c">
      <Filter>Source Files\System</Filter>
    </ClCompile>
    <ClCompile Include="Engine\ECSInit.c">
      <Filter>Source Files\Engine</Filter>
    </ClCompile>
    <ClCompile Include="Engine\Resource.c">
      <Filter>Source Files\Engine</Filter>
    </ClCompile>
    <ClCompile Include="Engine\IO.c">
      <Filter>Source Files\Engine</Filter>
    </ClCompile>
    <ClCompile Include="..\Deps\PhysFS\physfs.c">
      <Filter>Source Files\Deps\PhysFS</Filter>
    </ClCompile>
    <ClCompile Include="..\Deps\PhysFS\physfs_archiver_7z.c">
      <Filter>Source Files\Deps\PhysFS</Filter>
    </ClCompile>
    <ClCompile Include="..\Deps\PhysFS\physfs_archiver_dir.c">
      <Filter>Source Files\Deps\PhysFS</Filter>
    </ClCompile>
    <ClCompile Include="..\Deps\PhysFS\physfs_archiver_grp.c">
      <Filter>Source Files\Deps\PhysFS</Filter>
    </ClCompile>
    <ClCompile Include="..\Deps\PhysFS\physfs_archiver_hog.c">
      <Filter>Source Files\Deps\PhysFS</Filter>
    </ClCompile>
    <ClCompile Include="..\Deps\PhysFS\physfs_archiver_iso9660.c">
      <Filter>Source Files\Deps\PhysFS</Filter>
    </ClCompile>
    <ClCompile Include="..\Deps\PhysFS\physfs_archiver_mvl.c">
      <Filter>Source Files\Deps\PhysFS</Filter>
    </ClCompile>
    <ClCompile Include="..\Deps\PhysFS\physfs_archiver_qpak.c">
      <Filter>Source Files\Deps\PhysFS</Filter>
    </ClCompile>
    <ClCompile Include="..\Deps\PhysFS\physfs_archiver_slb.c">
      <Filter>Source Files\Deps\PhysFS</Filter>
    </ClCompile>
    <ClCompile Include="..\Deps\PhysFS\physfs_archiver_unpacked.c">
      <Filter>Source Files\Deps\PhysFS</Filter>
    </ClCompile>
    <ClCompile Include="..\Deps\PhysFS\physfs_archiver_vdf.c">
      <Filter>Source Files\Deps\PhysFS</Filter>
    </ClCompile>
    <ClCompile Include="..\Deps\PhysFS\physfs_archiver_wad.c">
      <Filter>Source Files\Deps\PhysFS</Filter>
    </ClCompile>
    <ClCompile Include="..\Deps\PhysFS\physfs_archiver_zip.c">
      <Filter>Source Files\Deps\PhysFS</Filter>
    </ClCompile>
    <ClCompile Include="..\Deps\PhysFS\physfs_byteorder.c">
      <Filter>Source Files\Deps\PhysFS</Filter>
    </ClCompile>
    <ClCompile Include="..\Deps\PhysFS\physfs_unicode.c">
      <Filter>Source Files\Deps\PhysFS</Filter>
    </ClCompile>
    <ClCompile Include="System\Compat\getopt.c">
      <Filter>Source Files\System\Compat</Filter>
    </ClCompile>
    <ClCompile Include="System\Compat\reallocarray.c">
      <Filter>Source Files\System\Compat</Filter>
    </ClCompile>
    <ClCompile Include="Scene\Scene.c">
      <Filter>Source Files\Scene</Filter>
    </ClCompile>
    <ClCompile Include="Asset\NMesh.c">
      <Filter>Source Files\Asset</Filter>
    </ClCompile>
    <ClCompile Include="Scene\Transform.c">
      <Filter>Source Files\Scene</Filter>
    </ClCompile>
    <ClCompile Include="Asset\TGA.c">
      <Filter>Source Files\Asset</Filter>
    </ClCompile>
    <ClCompile Include="Engine\Config.c">
      <Filter>Source Files\Engine</Filter>
    </ClCompile>
    <ClCompile Include="Scene\Camera.c">
      <Filter>Source Files\Scene</Filter>
    </ClCompile>
    <ClCompile Include="Asset\Ogg.c">
      <Filter>Source Files\Asset</Filter>
    </ClCompile>
    <ClCompile Include="Asset\Wave.c">
      <Filter>Source Files\Asset</Filter>
    </ClCompile>
    <ClCompile Include="Audio\AudioClip.c">
      <Filter>Source Files\Audio</Filter>
    </ClCompile>
    <ClCompile Include="Audio\Source.c">
      <Filter>Source Files\Audio</Filter>
    </ClCompile>
    <ClCompile Include="Audio\Audio.c">
      <Filter>Source Files\Audio</Filter>
    </ClCompile>
    <ClCompile Include="Input\Input.c">
      <Filter>Source Files\Input</Filter>
    </ClCompile>
    <ClCompile Include="Asset\Image.c">
      <Filter>Source Files\Asset</Filter>
    </ClCompile>
    <ClCompile Include="Engine\Event.c">
      <Filter>Source Files\Engine</Filter>
    </ClCompile>
    <ClCompile Include="Script\Script.c">
      <Filter>Source Files\Script</Filter>
    </ClCompile>
    <ClCompile Include="Scene\ScriptHost.c">
      <Filter>Source Files\Scene</Filter>
    </ClCompile>
    <ClCompile Include="UI\UI.c">
      <Filter>Source Files\UI</Filter>
    </ClCompile>
    <ClCompile Include="UI\Text.c">
      <Filter>Source Files\UI</Filter>
    </ClCompile>
    <ClCompile Include="Asset\Font.c">
      <Filter>Source Files\Asset</Filter>
    </ClCompile>
    <ClCompile Include="..\Deps\Lua\lapi.c">
      <Filter>Source Files\Deps\Lua</Filter>
    </ClCompile>
    <ClCompile Include="..\Deps\Lua\lauxlib.c">
      <Filter>Source Files\Deps\Lua</Filter>
    </ClCompile>
    <ClCompile Include="..\Deps\Lua\lbaselib.c">
      <Filter>Source Files\Deps\Lua</Filter>
    </ClCompile>
    <ClCompile Include="..\Deps\Lua\lcode.c">
      <Filter>Source Files\Deps\Lua</Filter>
    </ClCompile>
    <ClCompile Include="..\Deps\Lua\lcorolib.c">
      <Filter>Source Files\Deps\Lua</Filter>
    </ClCompile>
    <ClCompile Include="..\Deps\Lua\lctype.c">
      <Filter>Source Files\Deps\Lua</Filter>
    </ClCompile>
    <ClCompile Include="..\Deps\Lua\ldblib.c">
      <Filter>Source Files\Deps\Lua</Filter>
    </ClCompile>
    <ClCompile Include="..\Deps\Lua\ldebug.c">
      <Filter>Source Files\Deps\Lua</Filter>
    </ClCompile>
    <ClCompile Include="..\Deps\Lua\ldo.c">
      <Filter>Source Files\Deps\Lua</Filter>
    </ClCompile>
    <ClCompile Include="..\Deps\Lua\ldump.c">
      <Filter>Source Files\Deps\Lua</Filter>
    </ClCompile>
    <ClCompile Include="..\Deps\Lua\lfunc.c">
      <Filter>Source Files\Deps\Lua</Filter>
    </ClCompile>
    <ClCompile Include="..\Deps\Lua\lgc.c">
      <Filter>Source Files\Deps\Lua</Filter>
    </ClCompile>
    <ClCompile Include="..\Deps\Lua\linit.c">
      <Filter>Source Files\Deps\Lua</Filter>
    </ClCompile>
    <ClCompile Include="..\Deps\Lua\liolib.c">
      <Filter>Source Files\Deps\Lua</Filter>
    </ClCompile>
    <ClCompile Include="..\Deps\Lua\llex.c">
      <Filter>Source Files\Deps\Lua</Filter>
    </ClCompile>
    <ClCompile Include="..\Deps\Lua\lmathlib.c">
      <Filter>Source Files\Deps\Lua</Filter>
    </ClCompile>
    <ClCompile Include="..\Deps\Lua\lmem.c">
      <Filter>Source Files\Deps\Lua</Filter>
    </ClCompile>
    <ClCompile Include="..\Deps\Lua\loadlib.c">
      <Filter>Source Files\Deps\Lua</Filter>
    </ClCompile>
    <ClCompile Include="..\Deps\Lua\lobject.c">
      <Filter>Source Files\Deps\Lua</Filter>
    </ClCompile>
    <ClCompile Include="..\Deps\Lua\lopcodes.c">
      <Filter>Source Files\Deps\Lua</Filter>
    </ClCompile>
    <ClCompile Include="..\Deps\Lua\loslib.c">
      <Filter>Source Files\Deps\Lua</Filter>
    </ClCompile>
    <ClCompile Include="..\Deps\Lua\lparser.c">
      <Filter>Source Files\Deps\Lua</Filter>
    </ClCompile>
    <ClCompile Include="..\Deps\Lua\lstate.c">
      <Filter>Source Files\Deps\Lua</Filter>
    </ClCompile>
    <ClCompile Include="..\Deps\Lua\lstring.c">
      <Filter>Source Files\Deps\Lua</Filter>
    </ClCompile>
    <ClCompile Include="..\Deps\Lua\lstrlib.c">
      <Filter>Source Files\Deps\Lua</Filter>
    </ClCompile>
    <ClCompile Include="..\Deps\Lua\ltable.c">
      <Filter>Source Files\Deps\Lua</Filter>
    </ClCompile>
    <ClCompile Include="..\Deps\Lua\ltablib.c">
      <Filter>Source Files\Deps\Lua</Filter>
    </ClCompile>
    <ClCompile Include="..\Deps\Lua\ltm.c">
      <Filter>Source Files\Deps\Lua</Filter>
    </ClCompile>
    <ClCompile Include="..\Deps\Lua\lundump.c">
      <Filter>Source Files\Deps\Lua</Filter>
    </ClCompile>
    <ClCompile Include="..\Deps\Lua\lutf8lib.c">
      <Filter>Source Files\Deps\Lua</Filter>
    </ClCompile>
    <ClCompile Include="..\Deps\Lua\lvm.c">
      <Filter>Source Files\Deps\Lua</Filter>
    </ClCompile>
    <ClCompile Include="..\Deps\Lua\lzio.c">
      <Filter>Source Files\Deps\Lua</Filter>
    </ClCompile>
    <ClCompile Include="Render\Render.c">
      <Filter>Source Files\Render</Filter>
    </ClCompile>
    <ClCompile Include="Engine\Job.c">
      <Filter>Source Files\Engine</Filter>
    </ClCompile>
    <ClCompile Include="System\AtomicLock.c">
      <Filter>Source Files\System</Filter>
    </ClCompile>
    <ClCompile Include="System\Memory.c">
      <Filter>Source Files\System</Filter>
    </ClCompile>
    <ClCompile Include="..\Platform\Win32\Main.c">
      <Filter>Source Files\Platform</Filter>
    </ClCompile>
    <ClCompile Include="..\Platform\Win32\Thread.c">
      <Filter>Source Files\Platform</Filter>
    </ClCompile>
    <ClCompile Include="..\Platform\Win32\Win32.c">
      <Filter>Source Files\Platform</Filter>
    </ClCompile>
    <ClCompile Include="..\Platform\Win32\Win32Input.c">
      <Filter>Source Files\Platform</Filter>
    </ClCompile>
    <ClCompile Include="..\Platform\Win32\Window.c">
      <Filter>Source Files\Platform</Filter>
    </ClCompile>
    <ClCompile Include="..\Deps\PhysFS\physfs_platform_windows.c">
      <Filter>Source Files\Deps\PhysFS</Filter>
    </ClCompile>
    <ClCompile Include="..\Platform\Win32\Compat\stdatomic.c">
      <Filter>Source Files\Platform\Compat</Filter>
    </ClCompile>
    <ClCompile Include="Render\Frame.c">
      <Filter>Source Files\Render</Filter>
    </ClCompile>
    <ClCompile Include="Asset\Metadata.c">
      <Filter>Source Files\Asset</Filter>
    </ClCompile>
    <ClCompile Include="Script\l_Render.c">
      <Filter>Source Files\Script</Filter>
    </ClCompile>
    <ClCompile Include="Render\Model.c">
      <Filter>Source Files\Render</Filter>
    </ClCompile>
    <ClCompile Include="Script\l_Engine.c">
      <Filter>Source Files\Script</Filter>
    </ClCompile>
    <ClCompile Include="Script\l_System.c">
      <Filter>Source Files\Script</Filter>
    </ClCompile>
    <ClCompile Include="Render\Material.c">
      <Filter>Source Files\Render</Filter>
    </ClCompile>
    <ClCompile Include="Render\Driver\Buffer.c">
      <Filter>Source Files\Render\Driver</Filter>
    </ClCompile>
    <ClCompile Include="Render\Driver\Pipeline.c">
      <Filter>Source Files\Render\Driver</Filter>
    </ClCompile>
    <ClCompile Include="Render\Driver\Shader.c">
      <Filter>Source Files\Render\Driver</Filter>
    </ClCompile>
    <ClCompile Include="Render\Driver\Texture.c">
      <Filter>Source Files\Render\Driver</Filter>
    </ClCompile>
    <ClCompile Include="Render\DestroyResource.c">
      <Filter>Source Files\Render\Driver</Filter>
    </ClCompile>
    <ClCompile Include="Render\Graph\Graph.c">
      <Filter>Source Files\Render\Graph</Filter>
    </ClCompile>
    <ClCompile Include="Render\Pass\Depth.c">
      <Filter>Source Files\Render\Pass</Filter>
    </ClCompile>
    <ClCompile Include="Render\Systems.c">
      <Filter>Source Files\Render</Filter>
    </ClCompile>
    <ClCompile Include="Render\Pass\LightCulling.c">
      <Filter>Source Files\Render\Pass</Filter>
    </ClCompile>
    <ClCompile Include="Render\Components\ModelRender.c">
      <Filter>Source Files\Render\Components</Filter>
    </ClCompile>
    <ClCompile Include="Animation\Animation.c">
      <Filter>Source Files\Animation</Filter>
    </ClCompile>
    <ClCompile Include="Animation\AnimationClip.c">
      <Filter>Source Files\Animation</Filter>
    </ClCompile>
    <ClCompile Include="Animation\Skeleton.c">
      <Filter>Source Files\Animation</Filter>
    </ClCompile>
    <ClCompile Include="Animation\Animator.c">
      <Filter>Source Files\Animation</Filter>
    </ClCompile>
    <ClCompile Include="Asset\NAnim.c">
      <Filter>Source Files\Asset</Filter>
    </ClCompile>
    <ClCompile Include="Asset\DDS.c">
      <Filter>Source Files\Asset</Filter>
    </ClCompile>
    <ClCompile Include="Render\Pass\Forward.c">
      <Filter>Source Files\Render\Pass</Filter>
    </ClCompile>
    <ClCompile Include="UI\UIPass.c">
      <Filter>Source Files\UI</Filter>
    </ClCompile>
    <ClCompile Include="Scene\Light.c">
      <Filter>Source Files\Scene</Filter>
    </ClCompile>
    <ClCompile Include="Render\Pass\SSAO.c">
      <Filter>Source Files\Render\Pass</Filter>
    </ClCompile>
  </ItemGroup>
  <ItemGroup>
    <None Include="Exports.def">
      <Filter>Resource Files</Filter>
    </None>
  </ItemGroup>
</Project>