<?xml version="1.0" encoding="utf-8"?>
<Project ToolsVersion="4.0" xmlns="http://schemas.microsoft.com/developer/msbuild/2003">
  <ItemGroup>
    <Filter Include="Source Files">
      <UniqueIdentifier>{4FC737F1-C7A5-4376-A066-2A32D752A2FF}</UniqueIdentifier>
      <Extensions>cpp;c;cc;cxx;c++;cppm;ixx;def;odl;idl;hpj;bat;asm;asmx</Extensions>
    </Filter>
    <Filter Include="Header Files">
      <UniqueIdentifier>{93995380-89BD-4b04-88EB-625FBE52EBFB}</UniqueIdentifier>
      <Extensions>h;hh;hpp;hxx;h++;hm;inl;inc;ipp;xsd</Extensions>
    </Filter>
    <Filter Include="Resource Files">
      <UniqueIdentifier>{67DA6AB6-F800-4c08-8B7A-83BB121AAD01}</UniqueIdentifier>
      <Extensions>rc;ico;cur;bmp;dlg;rc2;rct;bin;rgs;gif;jpg;jpeg;jpe;resx;tiff;tif;png;wav;mfcribbon-ms</Extensions>
    </Filter>
    <Filter Include="Source Files\Platform">
      <UniqueIdentifier>{f8bcfeb7-f307-4bcd-90d6-3714980e0014}</UniqueIdentifier>
    </Filter>
  </ItemGroup>
  <ItemGroup>
    <ClCompile Include="Driver.c">
      <Filter>Source Files</Filter>
    </ClCompile>
    <ClCompile Include="Device.c">
      <Filter>Source Files</Filter>
    </ClCompile>
    <ClCompile Include="Context.c">
      <Filter>Source Files</Filter>
    </ClCompile>
    <ClCompile Include="Buffer.c">
      <Filter>Source Files</Filter>
    </ClCompile>
    <ClCompile Include="AccelerationStructure.c">
      <Filter>Source Files</Filter>
    </ClCompile>
    <ClCompile Include="Framebuffer.c">
      <Filter>Source Files</Filter>
    </ClCompile>
    <ClCompile Include="Pipeline.c">
      <Filter>Source Files</Filter>
    </ClCompile>
    <ClCompile Include="RenderPass.c">
      <Filter>Source Files</Filter>
    </ClCompile>
    <ClCompile Include="Sampler.c">
      <Filter>Source Files</Filter>
    </ClCompile>
    <ClCompile Include="Swapchain.c">
      <Filter>Source Files</Filter>
    </ClCompile>
    <ClCompile Include="Texture.c">
      <Filter>Source Files</Filter>
    </ClCompile>
    <ClCompile Include="TransientResources.c">
      <Filter>Source Files</Filter>
    </ClCompile>
    <ClCompile Include="Shader.c">
      <Filter>Source Files</Filter>
    </ClCompile>
    <ClCompile Include="Platform\Win32.c">
      <Filter>Source Files\Platform</Filter>
    </ClCompile>
    <ClCompile Include="Platform\UWP.c">
      <Filter>Source Files\Platform</Filter>
    </ClCompile>
    <ClCompile Include="Synchronization.c">
      <Filter>Source Files</Filter>
    </ClCompile>
  </ItemGroup>
  <ItemGroup>
    <ClInclude Include="D3D12Driver.h">
      <Filter>Header Files</Filter>
    </ClInclude>
    <ClInclude Include="D3D12Downlevel.h">
      <Filter>Header Files</Filter>
    </ClInclude>
  </ItemGroup>
</Project>