<?xml version="1.0" encoding="utf-8"?>
<Project ToolsVersion="4.0" xmlns="http://schemas.microsoft.com/developer/msbuild/2003">
  <ItemGroup>
    <Filter Include="Source Files">
      <UniqueIdentifier>{4FC737F1-C7A5-4376-A066-2A32D752A2FF}</UniqueIdentifier>
      <Extensions>cpp;c;cc;cxx;c++;cppm;ixx;def;odl;idl;hpj;bat;asm;asmx</Extensions>
    </Filter>
    <Filter Include="Header Files">
      <UniqueIdentifier>{93995380-89BD-4b04-88EB-625FBE52EBFB}</UniqueIdentifier>
      <Extensions>h;hh;hpp;hxx;h++;hm;inl;inc;ipp;xsd</Extensions>
    </Filter>
    <Filter Include="Resource Files">
      <UniqueIdentifier>{67DA6AB6-F800-4c08-8B7A-83BB121AAD01}</UniqueIdentifier>
      <Extensions>rc;ico;cur;bmp;dlg;rc2;rct;bin;rgs;gif;jpg;jpeg;jpe;resx;tiff;tif;png;wav;mfcribbon-ms</Extensions>
    </Filter>
    <Filter Include="Source Files\Platform">
      <UniqueIdentifier>{fa311125-5e8c-455f-84ac-996a33be1c0c}</UniqueIdentifier>
    </Filter>
    <Filter Include="Shaders">
      <UniqueIdentifier>{5b2d7a87-c662-4408-a13a-30eb24f6a7cf}</UniqueIdentifier>
    </Filter>
    <Filter Include="Shaders\Headers">
      <UniqueIdentifier>{2ef2532d-f99c-4254-b98d-c754d4d2d1bd}</UniqueIdentifier>
    </Filter>
    <Filter Include="Shaders\Vertex">
      <UniqueIdentifier>{f9d92d99-0a82-424a-a1c8-0f6a75d315da}</UniqueIdentifier>
    </Filter>
    <Filter Include="Shaders\Fragment">
      <UniqueIdentifier>{d307c795-996d-447e-9936-b18536de98a3}</UniqueIdentifier>
    </Filter>
  </ItemGroup>
  <ItemGroup>
    <ClInclude Include="VulkanDriver.h">
      <Filter>Header Files</Filter>
    </ClInclude>
    <ClInclude Include="volk.h">
      <Filter>Header Files</Filter>
    </ClInclude>
    <ClInclude Include="Shaders\DrawInfo.h">
      <Filter>Shaders\Headers</Filter>
    </ClInclude>
    <ClInclude Include="Shaders\Material.h">
      <Filter>Shaders\Headers</Filter>
    </ClInclude>
    <ClInclude Include="Shaders\Object.h">
      <Filter>Shaders\Headers</Filter>
    </ClInclude>
    <ClInclude Include="Shaders\Texture.h">
      <Filter>Shaders\Headers</Filter>
    </ClInclude>
    <ClInclude Include="Shaders\Vertex.h">
      <Filter>Shaders\Headers</Filter>
    </ClInclude>
  </ItemGroup>
  <ItemGroup>
    <ClCompile Include="Driver.c">
      <Filter>Source Files</Filter>
    </ClCompile>
    <ClCompile Include="Device.c">
      <Filter>Source Files</Filter>
    </ClCompile>
    <ClCompile Include="Context.c">
      <Filter>Source Files</Filter>
    </ClCompile>
    <ClCompile Include="Pipeline.c">
      <Filter>Source Files</Filter>
    </ClCompile>
    <ClCompile Include="TransientResources.c">
      <Filter>Source Files</Filter>
    </ClCompile>
    <ClCompile Include="ShaderBindingTable.c">
      <Filter>Source Files</Filter>
    </ClCompile>
    <ClCompile Include="AccelerationStructure.c">
      <Filter>Source Files</Filter>
    </ClCompile>
    <ClCompile Include="Texture.c">
      <Filter>Source Files</Filter>
    </ClCompile>
    <ClCompile Include="Buffer.c">
      <Filter>Source Files</Filter>
    </ClCompile>
    <ClCompile Include="volk.c">
      <Filter>Source Files</Filter>
    </ClCompile>
    <ClCompile Include="Platform\Win32.c">
      <Filter>Source Files\Platform</Filter>
    </ClCompile>
    <ClCompile Include="Swapchain.c">
      <Filter>Source Files</Filter>
    </ClCompile>
    <ClCompile Include="Framebuffer.c">
      <Filter>Source Files</Filter>
    </ClCompile>
    <ClCompile Include="RenderPass.c">
      <Filter>Source Files</Filter>
    </ClCompile>
    <ClCompile Include="DescriptorSet.c">
      <Filter>Source Files</Filter>
    </ClCompile>
    <ClCompile Include="Shader.c">
      <Filter>Source Files</Filter>
    </ClCompile>
    <ClCompile Include="Sampler.c">
      <Filter>Source Files</Filter>
    </ClCompile>
  </ItemGroup>
  <ItemGroup>
    <CustomBuild Include="Shaders\DefaultPBR_VS.vert">
      <Filter>Shaders\Vertex</Filter>
    </CustomBuild>
    <CustomBuild Include="Shaders\DefaultPBR_MR_FS.frag">
      <Filter>Shaders\Fragment</Filter>
    </CustomBuild>
  </ItemGroup>
</Project>