<?xml version="1.0" encoding="utf-8"?>
<Project ToolsVersion="15.0" xmlns="http://schemas.microsoft.com/developer/msbuild/2003">
  <ItemGroup>
    <Filter Include="Resource Files">
      <UniqueIdentifier>{67DA6AB6-F800-4c08-8B7A-83BB121AAD01}</UniqueIdentifier>
      <Extensions>rc;ico;cur;bmp;dlg;rc2;rct;bin;rgs;gif;jpg;jpeg;jpe;resx;tga;tiff;tif;png;wav;mfcribbon-ms</Extensions>
    </Filter>
    <Filter Include="Source Files">
      <UniqueIdentifier>{eafe5468-daca-4621-956c-97d462e6b93f}</UniqueIdentifier>
    </Filter>
    <Filter Include="Source Files\Deps">
      <UniqueIdentifier>{41284212-bb69-45c7-bcc6-77c947bc6311}</UniqueIdentifier>
    </Filter>
    <Filter Include="Header Files">
      <UniqueIdentifier>{e69244b7-7d54-4788-a96e-a318ba8d12f4}</UniqueIdentifier>
    </Filter>
    <Filter Include="Source Files\Deps\PhysFS">
      <UniqueIdentifier>{1fc308e3-0627-4e73-8099-37c3bc9a2d38}</UniqueIdentifier>
    </Filter>
  </ItemGroup>
  <ItemGroup>
    <ClInclude Include="EngineView.h">
      <Filter>Header Files</Filter>
    </ClInclude>
    <ClInclude Include="UWPPlatform.h">
      <Filter>Header Files</Filter>
    </ClInclude>
  </ItemGroup>
  <ItemGroup>
    <ClCompile Include="EngineView.cxx">
      <Filter>Source Files</Filter>
    </ClCompile>
    <ClCompile Include="Main.cxx">
      <Filter>Source Files</Filter>
    </ClCompile>
    <ClCompile Include="Window.cxx">
      <Filter>Source Files</Filter>
    </ClCompile>
    <ClCompile Include="..\..\Deps\PhysFS\physfs_platform_windows.cpp">
      <Filter>Source Files\Deps\PhysFS</Filter>
    </ClCompile>
    <ClCompile Include="..\..\Deps\PhysFS\physfs_platform_winrt.cpp">
      <Filter>Source Files\Deps\PhysFS</Filter>
    </ClCompile>
    <ClCompile Include="Input.cxx">
      <Filter>Source Files</Filter>
    </ClCompile>
    <ClCompile Include="Job.cxx">
      <Filter>Source Files</Filter>
    </ClCompile>
    <ClCompile Include="UWP.cxx">
      <Filter>Source Files</Filter>
    </ClCompile>
    <ClCompile Include="Thread.cxx">
      <Filter>Source Files</Filter>
    </ClCompile>
  </ItemGroup>
</Project>